<?xml version="1.0" encoding="utf-8"?>
<Project ToolsVersion="4.0" xmlns="http://schemas.microsoft.com/developer/msbuild/2003">
  <ItemGroup>
    <Filter Include="00. MainApp">
      <UniqueIdentifier>{84a940cb-03b0-4cdf-9be5-ba489a01618d}</UniqueIdentifier>
    </Filter>
    <Filter Include="01. Level">
      <UniqueIdentifier>{ce131205-7db0-4e60-8648-6bc5aeabaff9}</UniqueIdentifier>
    </Filter>
    <Filter Include="02. Object">
      <UniqueIdentifier>{56491154-fb05-4135-be21-27b67aea477e}</UniqueIdentifier>
    </Filter>
    <Filter Include="98. Default">
      <UniqueIdentifier>{1e4ba3f5-a0cb-46b4-aefe-f2df77ec28e2}</UniqueIdentifier>
    </Filter>
    <Filter Include="99. Defines">
      <UniqueIdentifier>{86d1d271-239b-4523-96cc-cb9aa5e09986}</UniqueIdentifier>
    </Filter>
    <Filter Include="02. Object\ToolCamera">
      <UniqueIdentifier>{a7d69e36-eb59-4bb5-bb9f-e64b33953271}</UniqueIdentifier>
    </Filter>
    <Filter Include="02. Object\EffectContainer_Edit">
      <UniqueIdentifier>{1ae2124c-45a7-4b8b-9572-68b0191e8fbd}</UniqueIdentifier>
    </Filter>
    <Filter Include="02. Object\EffectContainer_Edit\EffectNode">
      <UniqueIdentifier>{8f44f3bc-dd62-44b5-9ae8-4392ad9f0b2c}</UniqueIdentifier>
    </Filter>
    <Filter Include="02. Object\EffectContainer_Edit\EffectNode\SpriteNode">
      <UniqueIdentifier>{2dd56c51-16cc-4d2f-bd4f-f9f7d33e04bc}</UniqueIdentifier>
    </Filter>
    <Filter Include="99. Defines\ImGui">
      <UniqueIdentifier>{8770c344-8604-4f68-a3bc-33a07affc731}</UniqueIdentifier>
    </Filter>
  </ItemGroup>
  <ItemGroup>
    <ClInclude Include="EffectTool.h">
      <Filter>98. Default</Filter>
    </ClInclude>
    <ClInclude Include="framework.h">
      <Filter>98. Default</Filter>
    </ClInclude>
    <ClInclude Include="Resource.h">
      <Filter>98. Default</Filter>
    </ClInclude>
    <ClInclude Include="targetver.h">
      <Filter>98. Default</Filter>
    </ClInclude>
    <ClInclude Include="pch.h">
      <Filter>99. Defines</Filter>
    </ClInclude>
    <ClInclude Include="..\Public\EffectTool_Defines.h">
      <Filter>99. Defines</Filter>
    </ClInclude>
    <ClInclude Include="..\public\MainApp.h">
      <Filter>00. MainApp</Filter>
    </ClInclude>
    <ClInclude Include="..\public\EffectEditLevel.h">
      <Filter>01. Level</Filter>
    </ClInclude>
    <ClInclude Include="..\public\ToolCamera.h">
      <Filter>02. Object\ToolCamera</Filter>
    </ClInclude>
    <ClInclude Include="..\public\EffectContainer_Edit.h">
      <Filter>02. Object\EffectContainer_Edit</Filter>
    </ClInclude>
    <ClInclude Include="..\Public\SpriteNode_Edit.h">
      <Filter>02. Object\EffectContainer_Edit\EffectNode\SpriteNode</Filter>
    </ClInclude>
    <ClInclude Include="..\..\EngineSDK\Inc\GUI_Inc\GraphEditor.h">
      <Filter>99. Defines\ImGui</Filter>
    </ClInclude>
    <ClInclude Include="..\..\EngineSDK\Inc\GUI_Inc\imconfig.h">
      <Filter>99. Defines\ImGui</Filter>
    </ClInclude>
    <ClInclude Include="..\..\EngineSDK\Inc\GUI_Inc\ImCurveEdit.h">
      <Filter>99. Defines\ImGui</Filter>
    </ClInclude>
    <ClInclude Include="..\..\EngineSDK\Inc\GUI_Inc\ImGradient.h">
      <Filter>99. Defines\ImGui</Filter>
    </ClInclude>
    <ClInclude Include="..\..\EngineSDK\Inc\GUI_Inc\imgui.h">
      <Filter>99. Defines\ImGui</Filter>
    </ClInclude>
    <ClInclude Include="..\..\EngineSDK\Inc\GUI_Inc\imgui_internal.h">
      <Filter>99. Defines\ImGui</Filter>
    </ClInclude>
    <ClInclude Include="..\..\EngineSDK\Inc\GUI_Inc\ImGuizmo.h">
      <Filter>99. Defines\ImGui</Filter>
    </ClInclude>
    <ClInclude Include="..\..\EngineSDK\Inc\GUI_Inc\ImSequencer.h">
      <Filter>99. Defines\ImGui</Filter>
    </ClInclude>
    <ClInclude Include="..\..\EngineSDK\Inc\GUI_Inc\imstb_rectpack.h">
      <Filter>99. Defines\ImGui</Filter>
    </ClInclude>
    <ClInclude Include="..\..\EngineSDK\Inc\GUI_Inc\imstb_textedit.h">
      <Filter>99. Defines\ImGui</Filter>
    </ClInclude>
    <ClInclude Include="..\..\EngineSDK\Inc\GUI_Inc\imstb_truetype.h">
      <Filter>99. Defines\ImGui</Filter>
    </ClInclude>
    <ClInclude Include="..\..\EngineSDK\Inc\GUI_Inc\ImZoomSlider.h">
      <Filter>99. Defines\ImGui</Filter>
    </ClInclude>
    <ClInclude Include="..\..\EngineSDK\Inc\GUI_Inc\backends\imgui_impl_dx11.h">
      <Filter>99. Defines\ImGui</Filter>
    </ClInclude>
    <ClInclude Include="..\..\EngineSDK\Inc\GUI_Inc\backends\imgui_impl_win32.h">
      <Filter>99. Defines\ImGui</Filter>
    </ClInclude>
  </ItemGroup>
  <ItemGroup>
    <ClCompile Include="EffectTool.cpp">
      <Filter>98. Default</Filter>
    </ClCompile>
    <ClCompile Include="pch.cpp">
      <Filter>99. Defines</Filter>
    </ClCompile>
    <ClCompile Include="..\private\MainApp.cpp">
      <Filter>00. MainApp</Filter>
    </ClCompile>
    <ClCompile Include="..\private\EffectEditLevel.cpp">
      <Filter>01. Level</Filter>
    </ClCompile>
    <ClCompile Include="..\private\ToolCamera.cpp">
      <Filter>02. Object\ToolCamera</Filter>
    </ClCompile>
    <ClCompile Include="..\private\EffectContainer_Edit.cpp">
      <Filter>02. Object\EffectContainer_Edit</Filter>
    </ClCompile>
    <ClCompile Include="..\Private\SpriteNode_Edit.cpp">
      <Filter>02. Object\EffectContainer_Edit\EffectNode\SpriteNode</Filter>
    </ClCompile>
    <ClCompile Include="..\..\EngineSDK\Inc\GUI_Inc\GraphEditor.cpp">
      <Filter>99. Defines\ImGui</Filter>
    </ClCompile>
    <ClCompile Include="..\..\EngineSDK\Inc\GUI_Inc\ImCurveEdit.cpp">
      <Filter>99. Defines\ImGui</Filter>
    </ClCompile>
    <ClCompile Include="..\..\EngineSDK\Inc\GUI_Inc\ImGradient.cpp">
      <Filter>99. Defines\ImGui</Filter>
    </ClCompile>
    <ClCompile Include="..\..\EngineSDK\Inc\GUI_Inc\imgui.cpp">
      <Filter>99. Defines\ImGui</Filter>
    </ClCompile>
    <ClCompile Include="..\..\EngineSDK\Inc\GUI_Inc\imgui_demo.cpp">
      <Filter>99. Defines\ImGui</Filter>
    </ClCompile>
    <ClCompile Include="..\..\EngineSDK\Inc\GUI_Inc\imgui_draw.cpp">
      <Filter>99. Defines\ImGui</Filter>
    </ClCompile>
    <ClCompile Include="..\..\EngineSDK\Inc\GUI_Inc\imgui_tables.cpp">
      <Filter>99. Defines\ImGui</Filter>
    </ClCompile>
    <ClCompile Include="..\..\EngineSDK\Inc\GUI_Inc\imgui_widgets.cpp">
      <Filter>99. Defines\ImGui</Filter>
    </ClCompile>
    <ClCompile Include="..\..\EngineSDK\Inc\GUI_Inc\ImGuizmo.cpp">
      <Filter>99. Defines\ImGui</Filter>
    </ClCompile>
    <ClCompile Include="..\..\EngineSDK\Inc\GUI_Inc\ImSequencer.cpp">
      <Filter>99. Defines\ImGui</Filter>
    </ClCompile>
    <ClCompile Include="..\..\EngineSDK\Inc\GUI_Inc\backends\imgui_impl_dx11.cpp">
      <Filter>99. Defines\ImGui</Filter>
    </ClCompile>
    <ClCompile Include="..\..\EngineSDK\Inc\GUI_Inc\backends\imgui_impl_win32.cpp">
      <Filter>99. Defines\ImGui</Filter>
    </ClCompile>
  </ItemGroup>
  <ItemGroup>
    <Image Include="EffectTool.ico">
      <Filter>98. Default</Filter>
    </Image>
    <Image Include="small.ico">
      <Filter>98. Default</Filter>
    </Image>
  </ItemGroup>
  <ItemGroup>
    <ResourceCompile Include="EffectTool.rc">
      <Filter>98. Default</Filter>
    </ResourceCompile>
  </ItemGroup>
</Project>