<?xml version="1.0" encoding="utf-8"?>
<Project ToolsVersion="4.0" xmlns="http://schemas.microsoft.com/developer/msbuild/2003">
  <ItemGroup>
    <Filter Include="00. MainApp">
      <UniqueIdentifier>{84a940cb-03b0-4cdf-9be5-ba489a01618d}</UniqueIdentifier>
    </Filter>
    <Filter Include="01. Level">
      <UniqueIdentifier>{ce131205-7db0-4e60-8648-6bc5aeabaff9}</UniqueIdentifier>
    </Filter>
    <Filter Include="02. Object">
      <UniqueIdentifier>{56491154-fb05-4135-be21-27b67aea477e}</UniqueIdentifier>
    </Filter>
    <Filter Include="98. Default">
      <UniqueIdentifier>{1e4ba3f5-a0cb-46b4-aefe-f2df77ec28e2}</UniqueIdentifier>
    </Filter>
    <Filter Include="99. Defines">
      <UniqueIdentifier>{86d1d271-239b-4523-96cc-cb9aa5e09986}</UniqueIdentifier>
    </Filter>
    <Filter Include="02. Object\ToolCamera">
      <UniqueIdentifier>{a7d69e36-eb59-4bb5-bb9f-e64b33953271}</UniqueIdentifier>
    </Filter>
    <Filter Include="02. Object\EffectObject">
      <UniqueIdentifier>{1ae2124c-45a7-4b8b-9572-68b0191e8fbd}</UniqueIdentifier>
    </Filter>
  </ItemGroup>
  <ItemGroup>
    <ClInclude Include="EffectTool.h">
      <Filter>98. Default</Filter>
    </ClInclude>
    <ClInclude Include="framework.h">
      <Filter>98. Default</Filter>
    </ClInclude>
    <ClInclude Include="Resource.h">
      <Filter>98. Default</Filter>
    </ClInclude>
    <ClInclude Include="targetver.h">
      <Filter>98. Default</Filter>
    </ClInclude>
    <ClInclude Include="pch.h">
      <Filter>99. Defines</Filter>
    </ClInclude>
    <ClInclude Include="..\Public\EffectTool_Defines.h">
      <Filter>99. Defines</Filter>
    </ClInclude>
    <ClInclude Include="..\public\MainApp.h">
      <Filter>00. MainApp</Filter>
    </ClInclude>
    <ClInclude Include="..\public\EffectEditLevel.h">
      <Filter>01. Level</Filter>
    </ClInclude>
    <ClInclude Include="..\public\ToolCamera.h">
      <Filter>02. Object\ToolCamera</Filter>
    </ClInclude>
    <ClInclude Include="..\public\EffectObject.h">
      <Filter>02. Object\EffectObject</Filter>
    </ClInclude>
  </ItemGroup>
  <ItemGroup>
    <ClCompile Include="EffectTool.cpp">
      <Filter>98. Default</Filter>
    </ClCompile>
    <ClCompile Include="pch.cpp">
      <Filter>99. Defines</Filter>
    </ClCompile>
    <ClCompile Include="..\private\MainApp.cpp">
      <Filter>00. MainApp</Filter>
    </ClCompile>
    <ClCompile Include="..\private\EffectEditLevel.cpp">
      <Filter>01. Level</Filter>
    </ClCompile>
    <ClCompile Include="..\private\ToolCamera.cpp">
      <Filter>02. Object\ToolCamera</Filter>
    </ClCompile>
    <ClCompile Include="..\private\EffectObject.cpp">
      <Filter>02. Object\EffectObject</Filter>
    </ClCompile>
  </ItemGroup>
  <ItemGroup>
    <Image Include="EffectTool.ico">
      <Filter>98. Default</Filter>
    </Image>
    <Image Include="small.ico">
      <Filter>98. Default</Filter>
    </Image>
  </ItemGroup>
  <ItemGroup>
    <ResourceCompile Include="EffectTool.rc">
      <Filter>98. Default</Filter>
    </ResourceCompile>
  </ItemGroup>
</Project>