<?xml version="1.0" encoding="utf-8"?>
<Project ToolsVersion="4.0" xmlns="http://schemas.microsoft.com/developer/msbuild/2003">
  <ItemGroup>
    <Filter Include="00. MainApp">
      <UniqueIdentifier>{9b966525-84eb-484f-b824-0cf47017fe25}</UniqueIdentifier>
    </Filter>
    <Filter Include="01. Level">
      <UniqueIdentifier>{9d05d3bf-01cc-4163-8df9-e293f1764d63}</UniqueIdentifier>
    </Filter>
    <Filter Include="02. Object">
      <UniqueIdentifier>{2d7455a9-0965-481f-908f-becd9c88a77a}</UniqueIdentifier>
    </Filter>
    <Filter Include="98. Default">
      <UniqueIdentifier>{c55a0bf6-497d-40b5-b350-37d523e44696}</UniqueIdentifier>
    </Filter>
    <Filter Include="99. Defines">
      <UniqueIdentifier>{a5db3253-b3a0-4749-9b58-aecbfafd59d7}</UniqueIdentifier>
    </Filter>
    <Filter Include="02. Object\DummyModel">
      <UniqueIdentifier>{7c04ff1f-cf2b-48a8-aa37-4cadb83023b0}</UniqueIdentifier>
    </Filter>
    <Filter Include="02. Object\DefaultCamera">
      <UniqueIdentifier>{7d5ced48-0ba1-43c3-b7ce-aa3eb4c7a7dd}</UniqueIdentifier>
    </Filter>
  </ItemGroup>
  <ItemGroup>
    <ClInclude Include="framework.h">
      <Filter>98. Default</Filter>
    </ClInclude>
    <ClInclude Include="MapTool.h">
      <Filter>98. Default</Filter>
    </ClInclude>
    <ClInclude Include="Resource.h">
      <Filter>98. Default</Filter>
    </ClInclude>
    <ClInclude Include="targetver.h">
      <Filter>98. Default</Filter>
    </ClInclude>
    <ClInclude Include="..\Public\MapTool_Defines.h">
      <Filter>99. Defines</Filter>
    </ClInclude>
    <ClInclude Include="..\public\pch.h">
      <Filter>99. Defines</Filter>
    </ClInclude>
    <ClInclude Include="..\public\MainApp.h">
      <Filter>00. MainApp</Filter>
    </ClInclude>
    <ClInclude Include="..\public\MapToolLevel.h">
      <Filter>01. Level</Filter>
    </ClInclude>
    <ClInclude Include="..\public\DefaultCamera.h">
      <Filter>02. Object\DefaultCamera</Filter>
    </ClInclude>
    <ClInclude Include="..\public\DummyModel.h">
      <Filter>02. Object\DummyModel</Filter>
    </ClInclude>
  </ItemGroup>
  <ItemGroup>
    <Image Include="small.ico">
      <Filter>98. Default</Filter>
    </Image>
    <Image Include="MapTool.ico">
      <Filter>98. Default</Filter>
    </Image>
  </ItemGroup>
  <ItemGroup>
    <ClCompile Include="MapTool.cpp">
      <Filter>98. Default</Filter>
    </ClCompile>
    <ClCompile Include="..\private\pch.cpp">
      <Filter>99. Defines</Filter>
    </ClCompile>
    <ClCompile Include="..\Private\MainApp.cpp">
      <Filter>00. MainApp</Filter>
    </ClCompile>
    <ClCompile Include="..\private\MapToolLevel.cpp">
      <Filter>01. Level</Filter>
    </ClCompile>
    <ClCompile Include="..\private\DefaultCamera.cpp">
      <Filter>02. Object\DefaultCamera</Filter>
    </ClCompile>
    <ClCompile Include="..\private\DummyModel.cpp">
      <Filter>02. Object\DummyModel</Filter>
    </ClCompile>
  </ItemGroup>
  <ItemGroup>
    <ResourceCompile Include="MapTool.rc">
      <Filter>98. Default</Filter>
    </ResourceCompile>
  </ItemGroup>
</Project>