<?xml version="1.0" encoding="utf-8"?>
<Project ToolsVersion="4.0" xmlns="http://schemas.microsoft.com/developer/msbuild/2003">
  <ItemGroup>
    <Filter Include="00. MainApp">
      <UniqueIdentifier>{b909e086-4028-4f21-b0b4-ef85b5b7d60b}</UniqueIdentifier>
    </Filter>
    <Filter Include="01. Level">
      <UniqueIdentifier>{f1b695cd-9862-4cd1-9df4-0a7f1db2d1ef}</UniqueIdentifier>
    </Filter>
    <Filter Include="02. Object">
      <UniqueIdentifier>{a0eeb713-d6a7-4aeb-a3f3-a7b114e5ae9d}</UniqueIdentifier>
    </Filter>
    <Filter Include="98. Default">
      <UniqueIdentifier>{33973407-9d6e-4e28-8b20-f5f0e28f3264}</UniqueIdentifier>
    </Filter>
    <Filter Include="98. Default\Useless">
      <UniqueIdentifier>{23b7e800-38be-4524-8725-da2c4950e7f3}</UniqueIdentifier>
    </Filter>
    <Filter Include="99. Defines">
      <UniqueIdentifier>{ed2042d7-0999-4114-8b89-543170f5472b}</UniqueIdentifier>
    </Filter>
    <Filter Include="02. Object\Camera">
      <UniqueIdentifier>{fcfec5ae-c3ad-4fe0-9978-4b1a09795f4d}</UniqueIdentifier>
    </Filter>
    <Filter Include="02. Object\Model">
      <UniqueIdentifier>{b95cdd8c-fd10-4a2d-a31d-581aa23af775}</UniqueIdentifier>
    </Filter>
    <Filter Include="03. Component">
      <UniqueIdentifier>{4dc0cd9d-1962-4dcc-ad1e-01897fa8ec45}</UniqueIdentifier>
    </Filter>
    <Filter Include="03. Component\Animation3DEX">
      <UniqueIdentifier>{39678314-ef18-4102-b46b-7a7253e575a1}</UniqueIdentifier>
    </Filter>
    <Filter Include="04. Resource">
      <UniqueIdentifier>{73f20f64-8e21-450b-94b6-d60653db8446}</UniqueIdentifier>
    </Filter>
    <Filter Include="04. Resource\AnimationClipEx">
      <UniqueIdentifier>{b9ff898f-71fa-4247-8197-6ef07d58f01a}</UniqueIdentifier>
    </Filter>
    <Filter Include="05. Panel">
      <UniqueIdentifier>{430e71c6-3c8d-49c5-8f97-873fee47df9d}</UniqueIdentifier>
    </Filter>
    <Filter Include="97. GUIInc">
      <UniqueIdentifier>{32389b12-0879-467b-a6c9-145ee79f3e1d}</UniqueIdentifier>
    </Filter>
  </ItemGroup>
  <ItemGroup>
    <Image Include="AnimationTool.ico">
      <Filter>98. Default\Useless</Filter>
    </Image>
    <Image Include="small.ico">
      <Filter>98. Default\Useless</Filter>
    </Image>
  </ItemGroup>
  <ItemGroup>
    <ResourceCompile Include="AnimationTool.rc">
      <Filter>98. Default\Useless</Filter>
    </ResourceCompile>
  </ItemGroup>
  <ItemGroup>
    <ClInclude Include="framework.h">
      <Filter>98. Default\Useless</Filter>
    </ClInclude>
    <ClInclude Include="Resource.h">
      <Filter>98. Default\Useless</Filter>
    </ClInclude>
    <ClInclude Include="targetver.h">
      <Filter>98. Default\Useless</Filter>
    </ClInclude>
    <ClInclude Include="AnimationTool.h">
      <Filter>98. Default</Filter>
    </ClInclude>
    <ClInclude Include="..\Public\AnimationTool_Defines.h">
      <Filter>99. Defines</Filter>
    </ClInclude>
    <ClInclude Include="..\Public\pch.h">
      <Filter>99. Defines</Filter>
    </ClInclude>
    <ClInclude Include="..\Public\MainApp.h">
      <Filter>00. MainApp</Filter>
    </ClInclude>
    <ClInclude Include="..\Public\AnimationEditLevel.h">
      <Filter>01. Level</Filter>
    </ClInclude>
    <ClInclude Include="..\Public\EditCamera.h">
      <Filter>02. Object\Camera</Filter>
    </ClInclude>
    <ClInclude Include="..\Public\EditModel.h">
      <Filter>02. Object\Model</Filter>
    </ClInclude>
    <ClInclude Include="..\public\AnimToolPanel.h">
      <Filter>05. Panel</Filter>
    </ClInclude>
    <ClInclude Include="..\public\Animation3DEX.h">
      <Filter>03. Component\Animation3DEX</Filter>
    </ClInclude>
    <ClInclude Include="..\public\AnimationClipEX.h">
      <Filter>04. Resource\AnimationClipEx</Filter>
    </ClInclude>
    <ClInclude Include="..\..\EngineSDK\Inc\GUI_Inc\GraphEditor.h">
      <Filter>97. GUIInc</Filter>
    </ClInclude>
    <ClInclude Include="..\..\EngineSDK\Inc\GUI_Inc\imconfig.h">
      <Filter>97. GUIInc</Filter>
    </ClInclude>
    <ClInclude Include="..\..\EngineSDK\Inc\GUI_Inc\ImCurveEdit.h">
      <Filter>97. GUIInc</Filter>
    </ClInclude>
    <ClInclude Include="..\..\EngineSDK\Inc\GUI_Inc\ImGradient.h">
      <Filter>97. GUIInc</Filter>
    </ClInclude>
    <ClInclude Include="..\..\EngineSDK\Inc\GUI_Inc\imgui.h">
      <Filter>97. GUIInc</Filter>
    </ClInclude>
    <ClInclude Include="..\..\EngineSDK\Inc\GUI_Inc\imgui_internal.h">
      <Filter>97. GUIInc</Filter>
    </ClInclude>
    <ClInclude Include="..\..\EngineSDK\Inc\GUI_Inc\ImGuizmo.h">
      <Filter>97. GUIInc</Filter>
    </ClInclude>
    <ClInclude Include="..\..\EngineSDK\Inc\GUI_Inc\ImSequencer.h">
      <Filter>97. GUIInc</Filter>
    </ClInclude>
    <ClInclude Include="..\..\EngineSDK\Inc\GUI_Inc\imstb_rectpack.h">
      <Filter>97. GUIInc</Filter>
    </ClInclude>
    <ClInclude Include="..\..\EngineSDK\Inc\GUI_Inc\imstb_textedit.h">
      <Filter>97. GUIInc</Filter>
    </ClInclude>
    <ClInclude Include="..\..\EngineSDK\Inc\GUI_Inc\imstb_truetype.h">
      <Filter>97. GUIInc</Filter>
    </ClInclude>
    <ClInclude Include="..\..\EngineSDK\Inc\GUI_Inc\ImZoomSlider.h">
      <Filter>97. GUIInc</Filter>
    </ClInclude>
    <ClInclude Include="..\public\Assimps.h">
      <Filter>99. Defines</Filter>
    </ClInclude>
    <ClInclude Include="..\public\AnimationLayout.h">
      <Filter>99. Defines</Filter>
    </ClInclude>
  </ItemGroup>
  <ItemGroup>
    <ClCompile Include="AnimationTool.cpp">
      <Filter>98. Default</Filter>
    </ClCompile>
    <ClCompile Include="..\Private\pch.cpp">
      <Filter>99. Defines</Filter>
    </ClCompile>
    <ClCompile Include="..\Private\MainApp.cpp">
      <Filter>00. MainApp</Filter>
    </ClCompile>
    <ClCompile Include="..\Private\EditCamera.cpp">
      <Filter>02. Object\Camera</Filter>
    </ClCompile>
    <ClCompile Include="..\Private\EditModel.cpp">
      <Filter>02. Object\Model</Filter>
    </ClCompile>
    <ClCompile Include="..\Private\AnimationEditLevel.cpp">
      <Filter>01. Level</Filter>
    </ClCompile>
    <ClCompile Include="..\private\AnimToolPanel.cpp">
      <Filter>05. Panel</Filter>
    </ClCompile>
    <ClCompile Include="..\private\Animation3DEX.cpp">
      <Filter>03. Component\Animation3DEX</Filter>
    </ClCompile>
    <ClCompile Include="..\private\AnimationClipEX.cpp">
      <Filter>04. Resource\AnimationClipEx</Filter>
    </ClCompile>
    <ClCompile Include="..\..\EngineSDK\Inc\GUI_Inc\GraphEditor.cpp">
      <Filter>97. GUIInc</Filter>
    </ClCompile>
    <ClCompile Include="..\..\EngineSDK\Inc\GUI_Inc\ImCurveEdit.cpp">
      <Filter>97. GUIInc</Filter>
    </ClCompile>
    <ClCompile Include="..\..\EngineSDK\Inc\GUI_Inc\ImGradient.cpp">
      <Filter>97. GUIInc</Filter>
    </ClCompile>
    <ClCompile Include="..\..\EngineSDK\Inc\GUI_Inc\imgui.cpp">
      <Filter>97. GUIInc</Filter>
    </ClCompile>
    <ClCompile Include="..\..\EngineSDK\Inc\GUI_Inc\imgui_demo.cpp">
      <Filter>97. GUIInc</Filter>
    </ClCompile>
    <ClCompile Include="..\..\EngineSDK\Inc\GUI_Inc\imgui_draw.cpp">
      <Filter>97. GUIInc</Filter>
    </ClCompile>
    <ClCompile Include="..\..\EngineSDK\Inc\GUI_Inc\imgui_tables.cpp">
      <Filter>97. GUIInc</Filter>
    </ClCompile>
    <ClCompile Include="..\..\EngineSDK\Inc\GUI_Inc\imgui_widgets.cpp">
      <Filter>97. GUIInc</Filter>
    </ClCompile>
    <ClCompile Include="..\..\EngineSDK\Inc\GUI_Inc\ImGuizmo.cpp">
      <Filter>97. GUIInc</Filter>
    </ClCompile>
    <ClCompile Include="..\..\EngineSDK\Inc\GUI_Inc\ImSequencer.cpp">
      <Filter>97. GUIInc</Filter>
    </ClCompile>
  </ItemGroup>
</Project>