<?xml version="1.0" encoding="utf-8"?>
<Project ToolsVersion="4.0" xmlns="http://schemas.microsoft.com/developer/msbuild/2003">
  <ItemGroup>
    <Filter Include="98. Default">
      <UniqueIdentifier>{44633978-702a-48f8-9f5f-28a44a1fc515}</UniqueIdentifier>
    </Filter>
    <Filter Include="98. Default\Useless">
      <UniqueIdentifier>{3072e2aa-95ed-4b79-becc-1bda8eb97b9d}</UniqueIdentifier>
    </Filter>
    <Filter Include="99. Defines">
      <UniqueIdentifier>{2a7ddbdc-d374-4e0a-b105-16f70976695f}</UniqueIdentifier>
    </Filter>
    <Filter Include="00. MainApp">
      <UniqueIdentifier>{a318929e-ff12-440d-8d6f-8a028127fc67}</UniqueIdentifier>
    </Filter>
    <Filter Include="01. Level">
      <UniqueIdentifier>{fdfdefe2-d692-4187-81bc-294bbdbf0097}</UniqueIdentifier>
    </Filter>
    <Filter Include="03. Component">
      <UniqueIdentifier>{78a34969-b295-49ce-b102-6754be67b6a1}</UniqueIdentifier>
    </Filter>
    <Filter Include="03. Component\AIModel">
      <UniqueIdentifier>{faedaf66-fbb5-455e-8ea3-c248834c04cf}</UniqueIdentifier>
    </Filter>
    <Filter Include="03. Component\AIModel\SK_Model">
      <UniqueIdentifier>{4556e8b7-d5d6-43ec-b2b0-b0a1a7fbf5ab}</UniqueIdentifier>
    </Filter>
    <Filter Include="03. Component\AIModel\ST_Model">
      <UniqueIdentifier>{99872939-792e-4fb3-bcf4-9720a8626683}</UniqueIdentifier>
    </Filter>
    <Filter Include="97. GUIInc">
      <UniqueIdentifier>{3a8a4c76-edcd-44af-aa30-c91ecb90699c}</UniqueIdentifier>
    </Filter>
    <Filter Include="04. AIResource">
      <UniqueIdentifier>{77824a55-e323-426b-a636-0968dce14e96}</UniqueIdentifier>
    </Filter>
    <Filter Include="04. AIResource\AIModelData">
      <UniqueIdentifier>{48e1b1d9-9aee-441e-b01c-76ceb3acca19}</UniqueIdentifier>
    </Filter>
    <Filter Include="04. AIResource\AIModelData\AIMesh">
      <UniqueIdentifier>{b04aa8df-a66d-46be-9fb0-463927d008bf}</UniqueIdentifier>
    </Filter>
    <Filter Include="04. AIResource\AIModelData\AISkeleton">
      <UniqueIdentifier>{b7cd0fe3-a386-4268-9682-7ea2c9bb3271}</UniqueIdentifier>
    </Filter>
    <Filter Include="04. AIResource\AIModelData\AISkeleton\AIBone">
      <UniqueIdentifier>{09e5c331-848a-4417-bd80-33267843a950}</UniqueIdentifier>
    </Filter>
    <Filter Include="04. AIResource\AIAnimation">
      <UniqueIdentifier>{6d60e755-f76b-4d03-8353-469e3d63dce8}</UniqueIdentifier>
    </Filter>
    <Filter Include="04. AIResource\AIAnimation\AIAnimationClip">
      <UniqueIdentifier>{4b314883-8b00-497e-9e51-e9abff197546}</UniqueIdentifier>
    </Filter>
    <Filter Include="04. AIResource\AIMaterial">
      <UniqueIdentifier>{71194301-77e2-4279-996d-b4b54d736cf0}</UniqueIdentifier>
    </Filter>
    <Filter Include="03. Component\AIMaterial">
      <UniqueIdentifier>{eb6b6ca7-2e6b-45ba-8385-2563e0a95eb0}</UniqueIdentifier>
    </Filter>
    <Filter Include="03. Component\AIAnimator3D">
      <UniqueIdentifier>{7102ee5e-daf0-4eb7-9fde-241ca614b376}</UniqueIdentifier>
    </Filter>
    <Filter Include="04. AIResource\AIAnimation\AIAnimationClip\AIChannel">
      <UniqueIdentifier>{b0661ef4-aca7-42df-836f-bc272cbb7062}</UniqueIdentifier>
    </Filter>
    <Filter Include="02. Obj">
      <UniqueIdentifier>{a669aaff-6a46-4db2-aabe-edab1dd90a4f}</UniqueIdentifier>
    </Filter>
    <Filter Include="02. Obj\00. CamObject">
      <UniqueIdentifier>{91a0db12-ac56-4327-a4b6-4cc5fd9f21d4}</UniqueIdentifier>
    </Filter>
    <Filter Include="02. Obj\01. FreeCam">
      <UniqueIdentifier>{af6519e9-4b4e-40dc-808a-f25247a7b5a3}</UniqueIdentifier>
    </Filter>
    <Filter Include="02. Obj\02. EditModel">
      <UniqueIdentifier>{46cfa70e-40ac-4495-9782-44f8e8452150}</UniqueIdentifier>
    </Filter>
    <Filter Include="02. Obj\03. RayCaster">
      <UniqueIdentifier>{746ec55a-8bbf-445c-8357-8d96b824889b}</UniqueIdentifier>
    </Filter>
    <Filter Include="05. Editor_Manager">
      <UniqueIdentifier>{43472c23-b70d-4dd3-8485-0bc8ba5ef8d5}</UniqueIdentifier>
    </Filter>
    <Filter Include="02. Obj\00. CamObject\DelCam">
      <UniqueIdentifier>{2734be5a-e955-4412-9539-5bdaf0dc039c}</UniqueIdentifier>
    </Filter>
    <Filter Include="96. ModelHelper">
      <UniqueIdentifier>{2278d253-cd1b-48fa-ae99-f82f700489e7}</UniqueIdentifier>
    </Filter>
    <Filter Include="01. Level\ModelEdit">
      <UniqueIdentifier>{7eec85e7-d5b3-4917-bb99-8439d1cd1e1b}</UniqueIdentifier>
    </Filter>
    <Filter Include="01. Level\MapParse">
      <UniqueIdentifier>{9739d66a-c684-4348-80a2-dd312e1add60}</UniqueIdentifier>
    </Filter>
    <Filter Include="06. EditorPanel">
      <UniqueIdentifier>{6371916e-51ec-4ebf-b74c-a59bce12c0b1}</UniqueIdentifier>
    </Filter>
  </ItemGroup>
  <ItemGroup>
    <Image Include="ModelEditor.ico">
      <Filter>98. Default\Useless</Filter>
    </Image>
    <Image Include="small.ico">
      <Filter>98. Default\Useless</Filter>
    </Image>
  </ItemGroup>
  <ItemGroup>
    <ResourceCompile Include="ModelEditor.rc">
      <Filter>98. Default\Useless</Filter>
    </ResourceCompile>
  </ItemGroup>
  <ItemGroup>
    <ClInclude Include="Resource.h">
      <Filter>98. Default\Useless</Filter>
    </ClInclude>
    <ClInclude Include="targetver.h">
      <Filter>98. Default\Useless</Filter>
    </ClInclude>
    <ClInclude Include="framework.h">
      <Filter>98. Default\Useless</Filter>
    </ClInclude>
    <ClInclude Include="ModelEditor.h">
      <Filter>98. Default</Filter>
    </ClInclude>
    <ClInclude Include="..\Public\MainApp.h">
      <Filter>00. MainApp</Filter>
    </ClInclude>
    <ClInclude Include="..\Public\pch.h">
      <Filter>99. Defines</Filter>
    </ClInclude>
    <ClInclude Include="..\Public\ModelEditor_Defines.h">
      <Filter>99. Defines</Filter>
    </ClInclude>
    <ClInclude Include="..\public\AI_SKModel.h">
      <Filter>03. Component\AIModel\SK_Model</Filter>
    </ClInclude>
    <ClInclude Include="..\Public\AI_STModel.h">
      <Filter>03. Component\AIModel\ST_Model</Filter>
    </ClInclude>
    <ClInclude Include="..\public\AIBone.h">
      <Filter>04. AIResource\AIModelData\AISkeleton\AIBone</Filter>
    </ClInclude>
    <ClInclude Include="..\Public\Assimps.h">
      <Filter>99. Defines</Filter>
    </ClInclude>
    <ClInclude Include="..\public\AISkeleton.h">
      <Filter>04. AIResource\AIModelData\AISkeleton</Filter>
    </ClInclude>
    <ClInclude Include="..\public\AIMesh.h">
      <Filter>04. AIResource\AIModelData\AIMesh</Filter>
    </ClInclude>
    <ClInclude Include="..\Public\AIMaterial.h">
      <Filter>04. AIResource\AIMaterial</Filter>
    </ClInclude>
    <ClInclude Include="..\public\AIModelData.h">
      <Filter>04. AIResource\AIModelData</Filter>
    </ClInclude>
    <ClInclude Include="..\..\EngineSDK\Inc\GUI_Inc\backends\imgui_impl_dx11.h">
      <Filter>97. GUIInc</Filter>
    </ClInclude>
    <ClInclude Include="..\..\EngineSDK\Inc\GUI_Inc\backends\imgui_impl_win32.h">
      <Filter>97. GUIInc</Filter>
    </ClInclude>
    <ClInclude Include="..\..\EngineSDK\Inc\GUI_Inc\GraphEditor.h">
      <Filter>97. GUIInc</Filter>
    </ClInclude>
    <ClInclude Include="..\..\EngineSDK\Inc\GUI_Inc\imconfig.h">
      <Filter>97. GUIInc</Filter>
    </ClInclude>
    <ClInclude Include="..\..\EngineSDK\Inc\GUI_Inc\ImCurveEdit.h">
      <Filter>97. GUIInc</Filter>
    </ClInclude>
    <ClInclude Include="..\..\EngineSDK\Inc\GUI_Inc\ImGradient.h">
      <Filter>97. GUIInc</Filter>
    </ClInclude>
    <ClInclude Include="..\..\EngineSDK\Inc\GUI_Inc\imgui.h">
      <Filter>97. GUIInc</Filter>
    </ClInclude>
    <ClInclude Include="..\..\EngineSDK\Inc\GUI_Inc\imgui_internal.h">
      <Filter>97. GUIInc</Filter>
    </ClInclude>
    <ClInclude Include="..\..\EngineSDK\Inc\GUI_Inc\ImGuizmo.h">
      <Filter>97. GUIInc</Filter>
    </ClInclude>
    <ClInclude Include="..\..\EngineSDK\Inc\GUI_Inc\ImSequencer.h">
      <Filter>97. GUIInc</Filter>
    </ClInclude>
    <ClInclude Include="..\..\EngineSDK\Inc\GUI_Inc\imstb_rectpack.h">
      <Filter>97. GUIInc</Filter>
    </ClInclude>
    <ClInclude Include="..\..\EngineSDK\Inc\GUI_Inc\imstb_textedit.h">
      <Filter>97. GUIInc</Filter>
    </ClInclude>
    <ClInclude Include="..\..\EngineSDK\Inc\GUI_Inc\imstb_truetype.h">
      <Filter>97. GUIInc</Filter>
    </ClInclude>
    <ClInclude Include="..\..\EngineSDK\Inc\GUI_Inc\ImZoomSlider.h">
      <Filter>97. GUIInc</Filter>
    </ClInclude>
    <ClInclude Include="..\Public\AI_Material.h">
      <Filter>03. Component\AIMaterial</Filter>
    </ClInclude>
    <ClInclude Include="..\public\AIAnimationClip.h">
      <Filter>04. AIResource\AIAnimation\AIAnimationClip</Filter>
    </ClInclude>
    <ClInclude Include="..\public\AIAnimator3D.h">
      <Filter>03. Component\AIAnimator3D</Filter>
    </ClInclude>
    <ClInclude Include="..\public\AIChannel.h">
      <Filter>04. AIResource\AIAnimation\AIAnimationClip\AIChannel</Filter>
    </ClInclude>
    <ClInclude Include="..\public\CamObject.h">
      <Filter>02. Obj\00. CamObject</Filter>
    </ClInclude>
    <ClInclude Include="..\public\FreeCam.h">
      <Filter>02. Obj\01. FreeCam</Filter>
    </ClInclude>
    <ClInclude Include="..\Public\EditModel.h">
      <Filter>02. Obj\02. EditModel</Filter>
    </ClInclude>
    <ClInclude Include="..\Public\RayCaster.h">
      <Filter>02. Obj\03. RayCaster</Filter>
    </ClInclude>
    <ClInclude Include="..\Public\EditorSystem.h">
      <Filter>05. Editor_Manager</Filter>
    </ClInclude>
    <ClInclude Include="..\Public\EditCamera.h">
      <Filter>02. Obj\00. CamObject\DelCam</Filter>
    </ClInclude>
    <ClInclude Include="..\Public\MapParseLevel.h">
      <Filter>01. Level\MapParse</Filter>
    </ClInclude>
    <ClInclude Include="..\Public\ModelEditLevel.h">
      <Filter>01. Level\ModelEdit</Filter>
    </ClInclude>
    <ClInclude Include="..\Public\ModelHelper.h">
      <Filter>96. ModelHelper</Filter>
    </ClInclude>
    <ClInclude Include="..\Public\EditorPanel.h">
      <Filter>06. EditorPanel</Filter>
    </ClInclude>
  </ItemGroup>
  <ItemGroup>
    <ClCompile Include="ModelEditor.cpp">
      <Filter>98. Default</Filter>
    </ClCompile>
    <ClCompile Include="..\Private\MainApp.cpp">
      <Filter>00. MainApp</Filter>
    </ClCompile>
    <ClCompile Include="..\Private\pch.cpp">
      <Filter>99. Defines</Filter>
    </ClCompile>
    <ClCompile Include="..\private\AI_SKModel.cpp">
      <Filter>03. Component\AIModel\SK_Model</Filter>
    </ClCompile>
    <ClCompile Include="..\Private\AI_STModel.cpp">
      <Filter>03. Component\AIModel\ST_Model</Filter>
    </ClCompile>
    <ClCompile Include="..\private\AIBone.cpp">
      <Filter>04. AIResource\AIModelData\AISkeleton\AIBone</Filter>
    </ClCompile>
    <ClCompile Include="..\Private\AISkeleton.cpp">
      <Filter>04. AIResource\AIModelData\AISkeleton</Filter>
    </ClCompile>
    <ClCompile Include="..\private\AIMesh.cpp">
      <Filter>04. AIResource\AIModelData\AIMesh</Filter>
    </ClCompile>
    <ClCompile Include="..\Private\AIMaterial.cpp">
      <Filter>04. AIResource\AIMaterial</Filter>
    </ClCompile>
    <ClCompile Include="..\private\AIModelData.cpp">
      <Filter>04. AIResource\AIModelData</Filter>
    </ClCompile>
    <ClCompile Include="..\..\EngineSDK\Inc\GUI_Inc\backends\imgui_impl_dx11.cpp">
      <Filter>97. GUIInc</Filter>
    </ClCompile>
    <ClCompile Include="..\..\EngineSDK\Inc\GUI_Inc\backends\imgui_impl_win32.cpp">
      <Filter>97. GUIInc</Filter>
    </ClCompile>
    <ClCompile Include="..\..\EngineSDK\Inc\GUI_Inc\GraphEditor.cpp">
      <Filter>97. GUIInc</Filter>
    </ClCompile>
    <ClCompile Include="..\..\EngineSDK\Inc\GUI_Inc\ImCurveEdit.cpp">
      <Filter>97. GUIInc</Filter>
    </ClCompile>
    <ClCompile Include="..\..\EngineSDK\Inc\GUI_Inc\ImGradient.cpp">
      <Filter>97. GUIInc</Filter>
    </ClCompile>
    <ClCompile Include="..\..\EngineSDK\Inc\GUI_Inc\imgui.cpp">
      <Filter>97. GUIInc</Filter>
    </ClCompile>
    <ClCompile Include="..\..\EngineSDK\Inc\GUI_Inc\imgui_demo.cpp">
      <Filter>97. GUIInc</Filter>
    </ClCompile>
    <ClCompile Include="..\..\EngineSDK\Inc\GUI_Inc\imgui_draw.cpp">
      <Filter>97. GUIInc</Filter>
    </ClCompile>
    <ClCompile Include="..\..\EngineSDK\Inc\GUI_Inc\imgui_tables.cpp">
      <Filter>97. GUIInc</Filter>
    </ClCompile>
    <ClCompile Include="..\..\EngineSDK\Inc\GUI_Inc\imgui_widgets.cpp">
      <Filter>97. GUIInc</Filter>
    </ClCompile>
    <ClCompile Include="..\..\EngineSDK\Inc\GUI_Inc\ImGuizmo.cpp">
      <Filter>97. GUIInc</Filter>
    </ClCompile>
    <ClCompile Include="..\..\EngineSDK\Inc\GUI_Inc\ImSequencer.cpp">
      <Filter>97. GUIInc</Filter>
    </ClCompile>
    <ClCompile Include="..\Private\AI_Material.cpp">
      <Filter>03. Component\AIMaterial</Filter>
    </ClCompile>
    <ClCompile Include="..\private\AIAnimationClip.cpp">
      <Filter>04. AIResource\AIAnimation\AIAnimationClip</Filter>
    </ClCompile>
    <ClCompile Include="..\private\AIAnimator3D.cpp">
      <Filter>03. Component\AIAnimator3D</Filter>
    </ClCompile>
    <ClCompile Include="..\private\AIChannel.cpp">
      <Filter>04. AIResource\AIAnimation\AIAnimationClip\AIChannel</Filter>
    </ClCompile>
    <ClCompile Include="..\private\CamObject.cpp">
      <Filter>02. Obj\00. CamObject</Filter>
    </ClCompile>
    <ClCompile Include="..\private\FreeCam.cpp">
      <Filter>02. Obj\01. FreeCam</Filter>
    </ClCompile>
    <ClCompile Include="..\Private\EditModel.cpp">
      <Filter>02. Obj\02. EditModel</Filter>
    </ClCompile>
    <ClCompile Include="..\Private\RayCaster.cpp">
      <Filter>02. Obj\03. RayCaster</Filter>
    </ClCompile>
    <ClCompile Include="..\Private\EditorSystem.cpp">
      <Filter>05. Editor_Manager</Filter>
    </ClCompile>
    <ClCompile Include="..\Private\EditCamera.cpp">
      <Filter>02. Obj\00. CamObject\DelCam</Filter>
    </ClCompile>
    <ClCompile Include="..\Private\MapParseLevel.cpp">
      <Filter>01. Level\MapParse</Filter>
    </ClCompile>
    <ClCompile Include="..\Private\ModelEditLevel.cpp">
      <Filter>01. Level\ModelEdit</Filter>
    </ClCompile>
    <ClCompile Include="..\Private\ModelHelper.cpp">
      <Filter>96. ModelHelper</Filter>
    </ClCompile>
    <ClCompile Include="..\Private\EditorPanel.cpp">
      <Filter>06. EditorPanel</Filter>
    </ClCompile>
  </ItemGroup>
</Project>