<?xml version="1.0" encoding="utf-8"?>
<Project ToolsVersion="4.0" xmlns="http://schemas.microsoft.com/developer/msbuild/2003">
  <ItemGroup>
    <Filter Include="99. Defines">
      <UniqueIdentifier>{b462f77d-05d0-4452-982f-e4ee2adcba47}</UniqueIdentifier>
    </Filter>
    <Filter Include="98. Default">
      <UniqueIdentifier>{52917668-5378-4fdb-b04f-2c37f674eb87}</UniqueIdentifier>
    </Filter>
    <Filter Include="00. MainApp">
      <UniqueIdentifier>{655d3ee5-432c-4c9d-9891-95b9d2687484}</UniqueIdentifier>
    </Filter>
    <Filter Include="97. GUI_Inc">
      <UniqueIdentifier>{46732b2e-e4d0-4929-aa86-f5b3aed6397d}</UniqueIdentifier>
    </Filter>
    <Filter Include="97. GUI_Inc\backend">
      <UniqueIdentifier>{97d80c65-4526-4e59-a1bc-8da44d5e5e3d}</UniqueIdentifier>
    </Filter>
    <Filter Include="97. GUI_Inc\Guizmo">
      <UniqueIdentifier>{9d85da13-28b5-4706-8886-a70ad1ee518b}</UniqueIdentifier>
    </Filter>
    <Filter Include="01. Level">
      <UniqueIdentifier>{b7664385-7831-46b8-a66b-51c17d874ed8}</UniqueIdentifier>
    </Filter>
    <Filter Include="02. GameObject">
      <UniqueIdentifier>{2ff13ba2-a6c0-4782-a777-d30d31b77b1a}</UniqueIdentifier>
    </Filter>
    <Filter Include="02. GameObject\Camera">
      <UniqueIdentifier>{06dd2e72-ca01-48ca-8865-a51ad9d6a00c}</UniqueIdentifier>
    </Filter>
    <Filter Include="02. GameObject\Object">
      <UniqueIdentifier>{ee0b304b-250c-46e2-9366-5f47d592f662}</UniqueIdentifier>
    </Filter>
    <Filter Include="02. GameObject\Object\TestObject">
      <UniqueIdentifier>{0e6fbf4f-e3f7-4fbe-b297-96bd81424db0}</UniqueIdentifier>
    </Filter>
    <Filter Include="02. GameObject\Camera\00. CamObject">
      <UniqueIdentifier>{e0bba242-799e-4a24-b080-7db510093c47}</UniqueIdentifier>
    </Filter>
    <Filter Include="02. GameObject\Camera\02. FreeCam">
      <UniqueIdentifier>{be87aa4e-607e-4972-bd9f-9f2d942322b4}</UniqueIdentifier>
    </Filter>
    <Filter Include="02. GameObject\Camera\03. SequenceCam">
      <UniqueIdentifier>{428eefa6-c000-4601-8551-4c1fc4bf9561}</UniqueIdentifier>
    </Filter>
    <Filter Include="02. GameObject\Camera\04. OrbitCam">
      <UniqueIdentifier>{3ccc4b33-1ec4-4b1a-a032-fb66d8ec8e75}</UniqueIdentifier>
    </Filter>
    <Filter Include="02. GameObject\Camera\99. CamDirector">
      <UniqueIdentifier>{0d1fd986-9b7f-4463-b27c-8cc9eae09a0b}</UniqueIdentifier>
    </Filter>
    <Filter Include="02. GameObject\MapObject">
      <UniqueIdentifier>{80767227-77fa-4633-b0c5-65b7efc809cd}</UniqueIdentifier>
    </Filter>
    <Filter Include="02. GameObject\MapObject\00. MapPlacedObject">
      <UniqueIdentifier>{bc0b3861-27a6-4aa7-b273-a9806541117e}</UniqueIdentifier>
    </Filter>
    <Filter Include="02. GameObject\MapObject\01. MapFloorObject">
      <UniqueIdentifier>{b25394ec-c9ac-4d93-913e-306ed8fab634}</UniqueIdentifier>
    </Filter>
    <Filter Include="02. GameObject\MapObject\02. MapTriggerObject">
      <UniqueIdentifier>{3ee57455-7966-4d9b-bcb9-5d01b67f74e6}</UniqueIdentifier>
    </Filter>
    <Filter Include="03. Utility">
      <UniqueIdentifier>{29ed2e80-51e7-4b83-bf45-611f7b08c5f5}</UniqueIdentifier>
    </Filter>
    <Filter Include="03. Utility\MapLoader">
      <UniqueIdentifier>{b225c53e-224c-4830-98f3-48fbbeb76845}</UniqueIdentifier>
    </Filter>
    <Filter Include="02. GameObject\Object\TestMap">
      <UniqueIdentifier>{114539f5-03f2-4556-955b-1a6e3209f1d2}</UniqueIdentifier>
    </Filter>
    <Filter Include="02. GameObject\Object\TestFloor">
      <UniqueIdentifier>{9a786c78-55f1-4399-939f-533a9bc4aecf}</UniqueIdentifier>
    </Filter>
    <Filter Include="03. Utility\MapLoader\MapDataCloud">
      <UniqueIdentifier>{044cb39a-140b-4e9d-877b-519ad3be00cc}</UniqueIdentifier>
    </Filter>
    <Filter Include="02. GameObject\Object\TestObject\State">
      <UniqueIdentifier>{085a852c-00e6-436e-a955-b9fee3ab278d}</UniqueIdentifier>
    </Filter>
    <Filter Include="02. GameObject\Object\TestObject\State\Idle">
      <UniqueIdentifier>{bc6ffaeb-519b-4208-991d-1a58048fb437}</UniqueIdentifier>
    </Filter>
    <Filter Include="02. GameObject\Object\TestObject\State\Walk">
      <UniqueIdentifier>{54bd1bb6-306c-476c-b2e1-2d74297b5b30}</UniqueIdentifier>
    </Filter>
    <Filter Include="02. GameObject\Object\TestObject\State\Jump">
      <UniqueIdentifier>{23e2d573-702d-416e-9396-0a1c9ea17b26}</UniqueIdentifier>
    </Filter>
    <Filter Include="02. GameObject\Object\TestObject\State\Dash">
      <UniqueIdentifier>{2327218e-4663-4e02-baa7-6d285208b6dc}</UniqueIdentifier>
    </Filter>
    <Filter Include="02. GameObject\Object\Character">
      <UniqueIdentifier>{eeb033b4-780f-4eeb-930b-50f8ab6baf67}</UniqueIdentifier>
    </Filter>
    <Filter Include="02. GameObject\Object\Character\Miyabi">
      <UniqueIdentifier>{f1da9023-8152-4d5f-a7dc-5ffc3950a500}</UniqueIdentifier>
    </Filter>
    <Filter Include="03. Utility\HFSM">
      <UniqueIdentifier>{6600c1e3-1d7c-4379-8e66-d55cb9799a70}</UniqueIdentifier>
    </Filter>
    <Filter Include="02. GameObject\Object\Character\Miyabi\State">
      <UniqueIdentifier>{c6366ece-2c84-438e-90c7-8a3fcceea1da}</UniqueIdentifier>
    </Filter>
    <Filter Include="02. GameObject\Object\Character\Miyabi\State\Idle">
      <UniqueIdentifier>{0e2be414-c839-48b9-ae2a-3ec0a387a47b}</UniqueIdentifier>
    </Filter>
    <Filter Include="02. GameObject\Object\Character\Miyabi\State\Walk">
      <UniqueIdentifier>{5622f48f-6acc-4b8f-9937-5793c4b0237b}</UniqueIdentifier>
    </Filter>
  </ItemGroup>
  <ItemGroup>
    <ClInclude Include="Client.h">
      <Filter>98. Default</Filter>
    </ClInclude>
    <ClInclude Include="framework.h">
      <Filter>98. Default</Filter>
    </ClInclude>
    <ClInclude Include="Resource.h">
      <Filter>98. Default</Filter>
    </ClInclude>
    <ClInclude Include="targetver.h">
      <Filter>98. Default</Filter>
    </ClInclude>
    <ClInclude Include="..\Public\pch.h">
      <Filter>99. Defines</Filter>
    </ClInclude>
    <ClInclude Include="..\Public\MainApp.h">
      <Filter>00. MainApp</Filter>
    </ClInclude>
    <ClInclude Include="..\..\EngineSDK\Inc\GUI_Inc\imgui.h">
      <Filter>97. GUI_Inc</Filter>
    </ClInclude>
    <ClInclude Include="..\..\EngineSDK\Inc\GUI_Inc\backends\imgui_impl_dx11.h">
      <Filter>97. GUI_Inc\backend</Filter>
    </ClInclude>
    <ClInclude Include="..\..\EngineSDK\Inc\GUI_Inc\backends\imgui_impl_win32.h">
      <Filter>97. GUI_Inc\backend</Filter>
    </ClInclude>
    <ClInclude Include="..\..\EngineSDK\Inc\GUI_Inc\ImGuizmo.h">
      <Filter>97. GUI_Inc\Guizmo</Filter>
    </ClInclude>
    <ClInclude Include="..\Public\TestLevel.h">
      <Filter>01. Level</Filter>
    </ClInclude>
    <ClInclude Include="..\Public\TestObject.h">
      <Filter>02. GameObject\Object\TestObject</Filter>
    </ClInclude>
    <ClInclude Include="..\Public\FreeCam.h">
      <Filter>02. GameObject\Camera\02. FreeCam</Filter>
    </ClInclude>
    <ClInclude Include="..\public\CamObject.h">
      <Filter>02. GameObject\Camera\00. CamObject</Filter>
    </ClInclude>
    <ClInclude Include="..\public\SequenceCam.h">
      <Filter>02. GameObject\Camera\03. SequenceCam</Filter>
    </ClInclude>
    <ClInclude Include="..\public\CamDirector.h">
      <Filter>02. GameObject\Camera\99. CamDirector</Filter>
    </ClInclude>
    <ClInclude Include="..\public\OrbitCam.h">
      <Filter>02. GameObject\Camera\04. OrbitCam</Filter>
    </ClInclude>
    <ClInclude Include="..\public\MapFloorObject.h">
      <Filter>02. GameObject\MapObject\01. MapFloorObject</Filter>
    </ClInclude>
    <ClInclude Include="..\public\MapObject.h">
      <Filter>02. GameObject\MapObject</Filter>
    </ClInclude>
    <ClInclude Include="..\public\MapPlacedObject.h">
      <Filter>02. GameObject\MapObject\00. MapPlacedObject</Filter>
    </ClInclude>
    <ClInclude Include="..\public\MapTriggerObject.h">
      <Filter>02. GameObject\MapObject\02. MapTriggerObject</Filter>
    </ClInclude>
    <ClInclude Include="..\public\MapLoader.h">
      <Filter>03. Utility\MapLoader</Filter>
    </ClInclude>
    <ClInclude Include="..\Public\Data_Struct.h">
      <Filter>99. Defines</Filter>
    </ClInclude>
    <ClInclude Include="..\Public\TestMap.h">
      <Filter>02. GameObject\Object\TestMap</Filter>
    </ClInclude>
    <ClInclude Include="..\Public\IBaseState.h">
      <Filter>03. Utility\HFSM</Filter>
    </ClInclude>
    <ClInclude Include="..\Public\StateParameter.h">
      <Filter>03. Utility\HFSM</Filter>
    </ClInclude>
    <ClInclude Include="..\Public\StateMachine.h">
      <Filter>03. Utility\HFSM</Filter>
    </ClInclude>
    <ClInclude Include="..\Public\TestFloor.h">
      <Filter>02. GameObject\Object\TestFloor</Filter>
    </ClInclude>
    <ClInclude Include="..\public\TestPlane.h" />
    <ClInclude Include="..\public\TestPlane.h" />
    <ClInclude Include="..\Public\MapData_Defines.h">
      <Filter>03. Utility\MapLoader</Filter>
    </ClInclude>
    <ClInclude Include="..\public\MapDataCloud.h">
      <Filter>03. Utility\MapLoader\MapDataCloud</Filter>
    </ClInclude>
    <ClInclude Include="..\Public\MapLoader_Helper.h">
      <Filter>03. Utility\MapLoader</Filter>
    </ClInclude>
    <ClInclude Include="..\Public\TestState_Idle.h">
      <Filter>02. GameObject\Object\TestObject\State\Idle</Filter>
    </ClInclude>
    <ClInclude Include="..\Public\TestState_Walk.h">
      <Filter>02. GameObject\Object\TestObject\State\Walk</Filter>
    </ClInclude>
    <ClInclude Include="..\Public\TestState_Jump.h">
      <Filter>02. GameObject\Object\TestObject\State\Jump</Filter>
    </ClInclude>
    <ClInclude Include="..\Public\TestState_Dash.h">
      <Filter>02. GameObject\Object\TestObject\State\Dash</Filter>
    </ClInclude>
    <ClInclude Include="..\Public\Character.h">
      <Filter>02. GameObject\Object\Character</Filter>
    </ClInclude>
    <ClInclude Include="..\Public\IHState.h">
      <Filter>03. Utility\HFSM</Filter>
    </ClInclude>
    <ClInclude Include="..\Public\Miyabi.h">
      <Filter>02. GameObject\Object\Character\Miyabi</Filter>
    </ClInclude>
    <ClInclude Include="..\Public\MiyabiState_Idle.h">
      <Filter>02. GameObject\Object\Character\Miyabi\State\Idle</Filter>
    </ClInclude>
    <ClInclude Include="..\Public\MiyabiState_Walk.h">
      <Filter>02. GameObject\Object\Character\Miyabi\State\Walk</Filter>
    </ClInclude>
  </ItemGroup>
  <ItemGroup>
    <Image Include="Client.ico">
      <Filter>98. Default</Filter>
    </Image>
    <Image Include="small.ico">
      <Filter>98. Default</Filter>
    </Image>
  </ItemGroup>
  <ItemGroup>
    <ResourceCompile Include="Client.rc">
      <Filter>98. Default</Filter>
    </ResourceCompile>
  </ItemGroup>
  <ItemGroup>
    <ClCompile Include="Client.cpp">
      <Filter>98. Default</Filter>
    </ClCompile>
    <ClCompile Include="..\Private\pch.cpp">
      <Filter>99. Defines</Filter>
    </ClCompile>
    <ClCompile Include="..\Private\MainApp.cpp">
      <Filter>00. MainApp</Filter>
    </ClCompile>
    <ClCompile Include="..\..\EngineSDK\Inc\GUI_Inc\imgui.cpp">
      <Filter>97. GUI_Inc</Filter>
    </ClCompile>
    <ClCompile Include="..\..\EngineSDK\Inc\GUI_Inc\imgui_draw.cpp">
      <Filter>97. GUI_Inc</Filter>
    </ClCompile>
    <ClCompile Include="..\..\EngineSDK\Inc\GUI_Inc\imgui_tables.cpp">
      <Filter>97. GUI_Inc</Filter>
    </ClCompile>
    <ClCompile Include="..\..\EngineSDK\Inc\GUI_Inc\imgui_widgets.cpp">
      <Filter>97. GUI_Inc</Filter>
    </ClCompile>
    <ClCompile Include="..\..\EngineSDK\Inc\GUI_Inc\backends\imgui_impl_dx11.cpp">
      <Filter>97. GUI_Inc\backend</Filter>
    </ClCompile>
    <ClCompile Include="..\..\EngineSDK\Inc\GUI_Inc\backends\imgui_impl_win32.cpp">
      <Filter>97. GUI_Inc\backend</Filter>
    </ClCompile>
    <ClCompile Include="..\..\EngineSDK\Inc\GUI_Inc\ImGuizmo.cpp">
      <Filter>97. GUI_Inc\Guizmo</Filter>
    </ClCompile>
    <ClCompile Include="..\Private\TestLevel.cpp">
      <Filter>01. Level</Filter>
    </ClCompile>
    <ClCompile Include="..\Private\TestObject.cpp">
      <Filter>02. GameObject\Object\TestObject</Filter>
    </ClCompile>
    <ClCompile Include="..\Private\FreeCam.cpp">
      <Filter>02. GameObject\Camera\02. FreeCam</Filter>
    </ClCompile>
    <ClCompile Include="..\private\CamObject.cpp">
      <Filter>02. GameObject\Camera\00. CamObject</Filter>
    </ClCompile>
    <ClCompile Include="..\private\SequenceCam.cpp">
      <Filter>02. GameObject\Camera\03. SequenceCam</Filter>
    </ClCompile>
    <ClCompile Include="..\private\CamDirector.cpp">
      <Filter>02. GameObject\Camera\99. CamDirector</Filter>
    </ClCompile>
    <ClCompile Include="..\private\OrbitCam.cpp">
      <Filter>02. GameObject\Camera\04. OrbitCam</Filter>
    </ClCompile>
    <ClCompile Include="..\private\MapFloorObject.cpp">
      <Filter>02. GameObject\MapObject\01. MapFloorObject</Filter>
    </ClCompile>
    <ClCompile Include="..\private\MapObject.cpp">
      <Filter>02. GameObject\MapObject</Filter>
    </ClCompile>
    <ClCompile Include="..\private\MapPlacedObject.cpp">
      <Filter>02. GameObject\MapObject\00. MapPlacedObject</Filter>
    </ClCompile>
    <ClCompile Include="..\private\MapTriggerObject.cpp">
      <Filter>02. GameObject\MapObject\02. MapTriggerObject</Filter>
    </ClCompile>
    <ClCompile Include="..\private\MapLoader.cpp">
      <Filter>03. Utility\MapLoader</Filter>
    </ClCompile>
    <ClCompile Include="..\Private\TestMap.cpp">
      <Filter>02. GameObject\Object\TestMap</Filter>
    </ClCompile>
    <ClCompile Include="..\Private\StateParameter.cpp">
      <Filter>03. Utility\HFSM</Filter>
    </ClCompile>
    <ClCompile Include="..\Private\TestFloor.cpp">
      <Filter>02. GameObject\Object\TestFloor</Filter>
    </ClCompile>
    <ClCompile Include="..\private\TestPlane.cpp" />
    <ClCompile Include="..\private\MapDataCloud.cpp">
      <Filter>03. Utility\MapLoader\MapDataCloud</Filter>
    </ClCompile>
    <ClCompile Include="..\Private\TestState_Idle.cpp">
      <Filter>02. GameObject\Object\TestObject\State\Idle</Filter>
    </ClCompile>
    <ClCompile Include="..\Private\TestState_Walk.cpp">
      <Filter>02. GameObject\Object\TestObject\State\Walk</Filter>
    </ClCompile>
    <ClCompile Include="..\Private\TestState_Jump.cpp">
      <Filter>02. GameObject\Object\TestObject\State\Jump</Filter>
    </ClCompile>
    <ClCompile Include="..\Private\TestState_Dash.cpp">
      <Filter>02. GameObject\Object\TestObject\State\Dash</Filter>
    </ClCompile>
    <ClCompile Include="..\Private\Character.cpp">
      <Filter>02. GameObject\Object\Character</Filter>
    </ClCompile>
    <ClCompile Include="..\Private\Miyabi.cpp">
      <Filter>02. GameObject\Object\Character\Miyabi</Filter>
    </ClCompile>
    <ClCompile Include="..\Private\MiyabiState_Idle.cpp">
      <Filter>02. GameObject\Object\Character\Miyabi\State\Idle</Filter>
    </ClCompile>
    <ClCompile Include="..\Private\MiyabiState_Walk.cpp">
      <Filter>02. GameObject\Object\Character\Miyabi\State\Walk</Filter>
    </ClCompile>
  </ItemGroup>
</Project>