<?xml version="1.0" encoding="utf-8"?>
<Project ToolsVersion="4.0" xmlns="http://schemas.microsoft.com/developer/msbuild/2003">
  <ItemGroup>
    <Filter Include="99. Defines">
      <UniqueIdentifier>{b462f77d-05d0-4452-982f-e4ee2adcba47}</UniqueIdentifier>
    </Filter>
    <Filter Include="98. Default">
      <UniqueIdentifier>{52917668-5378-4fdb-b04f-2c37f674eb87}</UniqueIdentifier>
    </Filter>
    <Filter Include="00. MainApp">
      <UniqueIdentifier>{655d3ee5-432c-4c9d-9891-95b9d2687484}</UniqueIdentifier>
    </Filter>
    <Filter Include="97. GUI_Inc">
      <UniqueIdentifier>{46732b2e-e4d0-4929-aa86-f5b3aed6397d}</UniqueIdentifier>
    </Filter>
    <Filter Include="97. GUI_Inc\backend">
      <UniqueIdentifier>{97d80c65-4526-4e59-a1bc-8da44d5e5e3d}</UniqueIdentifier>
    </Filter>
    <Filter Include="97. GUI_Inc\Guizmo">
      <UniqueIdentifier>{9d85da13-28b5-4706-8886-a70ad1ee518b}</UniqueIdentifier>
    </Filter>
    <Filter Include="01. Level">
      <UniqueIdentifier>{b7664385-7831-46b8-a66b-51c17d874ed8}</UniqueIdentifier>
    </Filter>
    <Filter Include="02. GameObject">
      <UniqueIdentifier>{2ff13ba2-a6c0-4782-a777-d30d31b77b1a}</UniqueIdentifier>
    </Filter>
    <Filter Include="02. GameObject\Camera">
      <UniqueIdentifier>{06dd2e72-ca01-48ca-8865-a51ad9d6a00c}</UniqueIdentifier>
    </Filter>
    <Filter Include="02. GameObject\Object">
      <UniqueIdentifier>{ee0b304b-250c-46e2-9366-5f47d592f662}</UniqueIdentifier>
    </Filter>
    <Filter Include="02. GameObject\Object\TestObject">
      <UniqueIdentifier>{0e6fbf4f-e3f7-4fbe-b297-96bd81424db0}</UniqueIdentifier>
    </Filter>
    <Filter Include="02. GameObject\Camera\00. CamObject">
      <UniqueIdentifier>{e0bba242-799e-4a24-b080-7db510093c47}</UniqueIdentifier>
    </Filter>
    <Filter Include="02. GameObject\Camera\01. CamPanel">
      <UniqueIdentifier>{f4256f6a-4439-4e31-9f91-f88406bd8821}</UniqueIdentifier>
    </Filter>
    <Filter Include="02. GameObject\Camera\02. FreeCam">
      <UniqueIdentifier>{be87aa4e-607e-4972-bd9f-9f2d942322b4}</UniqueIdentifier>
    </Filter>
    <Filter Include="02. GameObject\Camera\03. SequenceCam">
      <UniqueIdentifier>{428eefa6-c000-4601-8551-4c1fc4bf9561}</UniqueIdentifier>
    </Filter>
    <Filter Include="02. GameObject\Camera\04. OrbitCam">
      <UniqueIdentifier>{3ccc4b33-1ec4-4b1a-a032-fb66d8ec8e75}</UniqueIdentifier>
    </Filter>
    <Filter Include="02. GameObject\Camera\99. CamDirector">
      <UniqueIdentifier>{0d1fd986-9b7f-4463-b27c-8cc9eae09a0b}</UniqueIdentifier>
    </Filter>
    <Filter Include="02. GameObject\MapObject">
      <UniqueIdentifier>{80767227-77fa-4633-b0c5-65b7efc809cd}</UniqueIdentifier>
    </Filter>
    <Filter Include="02. GameObject\MapObject\00. MapPlacedObject">
      <UniqueIdentifier>{bc0b3861-27a6-4aa7-b273-a9806541117e}</UniqueIdentifier>
    </Filter>
    <Filter Include="02. GameObject\MapObject\01. MapFloorObject">
      <UniqueIdentifier>{b25394ec-c9ac-4d93-913e-306ed8fab634}</UniqueIdentifier>
    </Filter>
    <Filter Include="02. GameObject\MapObject\02. MapTriggerObject">
      <UniqueIdentifier>{3ee57455-7966-4d9b-bcb9-5d01b67f74e6}</UniqueIdentifier>
    </Filter>
    <Filter Include="03. Utility">
      <UniqueIdentifier>{29ed2e80-51e7-4b83-bf45-611f7b08c5f5}</UniqueIdentifier>
    </Filter>
    <Filter Include="02. GameObject\Object\TestMap">
      <UniqueIdentifier>{114539f5-03f2-4556-955b-1a6e3209f1d2}</UniqueIdentifier>
    </Filter>
    <Filter Include="02. GameObject\Object\TestFloor">
      <UniqueIdentifier>{9a786c78-55f1-4399-939f-533a9bc4aecf}</UniqueIdentifier>
    </Filter>
    <Filter Include="02. GameObject\Object\TestObject\State">
      <UniqueIdentifier>{085a852c-00e6-436e-a955-b9fee3ab278d}</UniqueIdentifier>
    </Filter>
    <Filter Include="02. GameObject\Object\TestObject\State\Idle">
      <UniqueIdentifier>{bc6ffaeb-519b-4208-991d-1a58048fb437}</UniqueIdentifier>
    </Filter>
    <Filter Include="02. GameObject\Object\TestObject\State\Walk">
      <UniqueIdentifier>{54bd1bb6-306c-476c-b2e1-2d74297b5b30}</UniqueIdentifier>
    </Filter>
    <Filter Include="02. GameObject\Object\TestObject\State\Jump">
      <UniqueIdentifier>{23e2d573-702d-416e-9396-0a1c9ea17b26}</UniqueIdentifier>
    </Filter>
    <Filter Include="02. GameObject\Object\TestObject\State\Dash">
      <UniqueIdentifier>{2327218e-4663-4e02-baa7-6d285208b6dc}</UniqueIdentifier>
    </Filter>
    <Filter Include="02. GameObject\UI">
      <UniqueIdentifier>{55bb7252-7639-4270-b550-e55db163b9f0}</UniqueIdentifier>
    </Filter>
    <Filter Include="02. GameObject\UI\UIElement">
      <UniqueIdentifier>{e0279bdd-3ed8-410d-a3d2-fa068d857c77}</UniqueIdentifier>
    </Filter>
    <Filter Include="02. GameObject\UI\UIElement\CanvasPanel">
      <UniqueIdentifier>{a36103d8-1e1f-485e-9ca8-f6b8fd7515c4}</UniqueIdentifier>
    </Filter>
    <Filter Include="02. GameObject\UI\UIElement\Button">
      <UniqueIdentifier>{fdd7078b-475a-4b9d-bfac-435a6b1227a7}</UniqueIdentifier>
    </Filter>
    <Filter Include="02. GameObject\UI\UIElement\Gauge">
      <UniqueIdentifier>{440caa2a-4a52-4688-9cdd-214e76981c97}</UniqueIdentifier>
    </Filter>
    <Filter Include="02. GameObject\UI\UIElement\Image">
      <UniqueIdentifier>{37b87e55-63fb-4bdb-9840-3af2b355936c}</UniqueIdentifier>
    </Filter>
    <Filter Include="02. GameObject\UI\UIElement\SpriteAnimation">
      <UniqueIdentifier>{b53662a7-9d76-4c99-a002-586240dcd115}</UniqueIdentifier>
    </Filter>
    <Filter Include="02. GameObject\UI\UIElement\UVAnimation">
      <UniqueIdentifier>{590af0ed-d031-467b-917d-070b9874c21e}</UniqueIdentifier>
    </Filter>
    <Filter Include="02. GameObject\UI\UIElement\Text">
      <UniqueIdentifier>{056c2db3-e608-4c70-8c71-acf3a6fa7bbb}</UniqueIdentifier>
    </Filter>
    <Filter Include="02. GameObject\Object\Enemy">
      <UniqueIdentifier>{b66aa194-a926-4d74-9e5d-a9dc4d525f95}</UniqueIdentifier>
    </Filter>
    <Filter Include="02. GameObject\Object\Enemy\Sacrifice">
      <UniqueIdentifier>{b06ccc39-b937-4f62-bedc-a89a9cb7edf8}</UniqueIdentifier>
    </Filter>
    <Filter Include="02. GameObject\Object\Enemy\Sacrifice\State">
      <UniqueIdentifier>{65719fdb-c4ae-421f-ae1c-e35ee8ef1f35}</UniqueIdentifier>
    </Filter>
    <Filter Include="02. GameObject\Object\Enemy\Sacrifice\State\Attack">
      <UniqueIdentifier>{d2294c59-8513-4a61-8866-98be7b2c0418}</UniqueIdentifier>
    </Filter>
    <Filter Include="02. GameObject\Object\Enemy\Sacrifice\State\Idle">
      <UniqueIdentifier>{1a82ce21-c2c8-4158-8a06-479033fbf790}</UniqueIdentifier>
    </Filter>
    <Filter Include="02. GameObject\Object\Enemy\Sacrifice\State\Walk">
      <UniqueIdentifier>{339582cb-f3e3-4bd9-a20e-6c8779f9e417}</UniqueIdentifier>
    </Filter>
    <Filter Include="02. GameObject\Object\Enemy\Sacrifice\State\Born">
      <UniqueIdentifier>{c1cb0e5a-8a4e-40f3-b1e6-91462a7c29cb}</UniqueIdentifier>
    </Filter>
    <Filter Include="02. GameObject\Object\Enemy\Sacrifice\State\Hit">
      <UniqueIdentifier>{82010ee6-5be7-4dc2-b2fe-55411c9442cf}</UniqueIdentifier>
    </Filter>
    <Filter Include="02. GameObject\Object\Enemy\Sacrifice_Hand">
      <UniqueIdentifier>{8fba8062-3d01-4a71-a27f-806808b2273d}</UniqueIdentifier>
    </Filter>
    <Filter Include="02. GameObject\Object\Enemy\Sacrifice_Hand\State">
      <UniqueIdentifier>{a7a195e0-0693-4efe-b00e-6aa09c326087}</UniqueIdentifier>
    </Filter>
    <Filter Include="02. GameObject\Camera\98. DebugCamTrace">
      <UniqueIdentifier>{bd77c447-5ba4-4e69-8012-4af5e725f4c4}</UniqueIdentifier>
    </Filter>
    <Filter Include="02. GameObject\Object\Enemy\Sacrifice\State\Attack\Phase1">
      <UniqueIdentifier>{964c7637-0a29-4115-a3ab-e67539825dbc}</UniqueIdentifier>
    </Filter>
    <Filter Include="02. GameObject\Object\Enemy\Sacrifice\State\Attack\Phase2">
      <UniqueIdentifier>{8080e445-1ea3-4f5c-9188-7ec8d37887e4}</UniqueIdentifier>
    </Filter>
    <Filter Include="02. GameObject\UI\00. UIDirector">
      <UniqueIdentifier>{42edd944-ef6d-4efd-b82d-9cadbc7ddc9f}</UniqueIdentifier>
    </Filter>
    <Filter Include="02. GameObject\Object\Enemy\Sacrifice\State\Walk\Phase1">
      <UniqueIdentifier>{a0d42fa8-de6c-4103-8f2b-ce937be8f959}</UniqueIdentifier>
    </Filter>
    <Filter Include="02. GameObject\Object\Enemy\Sacrifice\State\Walk\Phase2">
      <UniqueIdentifier>{860138ee-fd87-40e9-a69f-db72f7236676}</UniqueIdentifier>
    </Filter>
    <Filter Include="02. GameObject\Object\Enemy\Sacrifice\State\Evade">
      <UniqueIdentifier>{1f8f9abe-ec4a-48eb-8296-cd0ffc5e4589}</UniqueIdentifier>
    </Filter>
    <Filter Include="02. GameObject\Object\Enemy\Sacrifice\State\Evade\Phase2">
      <UniqueIdentifier>{3baf88b9-da5e-4713-9eb3-f5b702528d02}</UniqueIdentifier>
    </Filter>
    <Filter Include="02. GameObject\Object\Enemy\Sacrifice\State\Evade\Phase1">
      <UniqueIdentifier>{8bd7fbf8-b451-46fb-bc1b-63d0d0a4cb52}</UniqueIdentifier>
    </Filter>
    <Filter Include="02. GameObject\Object\TestCloud">
      <UniqueIdentifier>{25fda550-74fc-4087-a876-d429ed1ca86e}</UniqueIdentifier>
    </Filter>
    <Filter Include="03. Utility\00. MapLoader">
      <UniqueIdentifier>{b225c53e-224c-4830-98f3-48fbbeb76845}</UniqueIdentifier>
    </Filter>
    <Filter Include="03. Utility\00. MapLoader\MapDataCloud">
      <UniqueIdentifier>{044cb39a-140b-4e9d-877b-519ad3be00cc}</UniqueIdentifier>
    </Filter>
    <Filter Include="03. Utility\01. HFSM">
      <UniqueIdentifier>{6600c1e3-1d7c-4379-8e66-d55cb9799a70}</UniqueIdentifier>
    </Filter>
    <Filter Include="03. Utility\02. CamLoader">
      <UniqueIdentifier>{01fa8660-fa55-4073-9664-f30e02931412}</UniqueIdentifier>
    </Filter>
    <Filter Include="03. Utility\03. UILoader">
      <UniqueIdentifier>{5142a8bf-9e06-4a8f-b695-a095b762835d}</UniqueIdentifier>
    </Filter>
    <Filter Include="02. GameObject\Object\Player">
      <UniqueIdentifier>{b9726592-5cfc-4ee2-a801-040f03747e42}</UniqueIdentifier>
    </Filter>
    <Filter Include="02. GameObject\Object\Player\Character">
      <UniqueIdentifier>{eeb033b4-780f-4eeb-930b-50f8ab6baf67}</UniqueIdentifier>
    </Filter>
    <Filter Include="02. GameObject\Object\Player\Character\Miyabi">
      <UniqueIdentifier>{f1da9023-8152-4d5f-a7dc-5ffc3950a500}</UniqueIdentifier>
    </Filter>
    <Filter Include="02. GameObject\Object\Player\Character\Miyabi\State">
      <UniqueIdentifier>{c6366ece-2c84-438e-90c7-8a3fcceea1da}</UniqueIdentifier>
    </Filter>
    <Filter Include="02. GameObject\Object\Player\Character\Miyabi\State\Idle">
      <UniqueIdentifier>{0e2be414-c839-48b9-ae2a-3ec0a387a47b}</UniqueIdentifier>
    </Filter>
    <Filter Include="02. GameObject\Object\Player\Character\Miyabi\State\Attack">
      <UniqueIdentifier>{30a2b6c6-b7dc-4baf-a8ad-c43cc5e2c1fc}</UniqueIdentifier>
    </Filter>
    <Filter Include="02. GameObject\Object\Player\Character\Miyabi\State\Attack\Normal">
      <UniqueIdentifier>{29853f99-a5fc-4258-b970-1b22da0e452b}</UniqueIdentifier>
    </Filter>
    <Filter Include="02. GameObject\Object\Player\Character\Miyabi\State\Attack\Charge">
      <UniqueIdentifier>{1bbdb708-2ec2-4e3c-877e-bca753a23843}</UniqueIdentifier>
    </Filter>
    <Filter Include="02. GameObject\Object\Player\Character\Miyabi\State\Move">
      <UniqueIdentifier>{434eb16a-3d33-4884-be7d-002d61e150c6}</UniqueIdentifier>
    </Filter>
    <Filter Include="02. GameObject\Object\Player\Character\Miyabi\State\Move\Walk">
      <UniqueIdentifier>{5622f48f-6acc-4b8f-9937-5793c4b0237b}</UniqueIdentifier>
    </Filter>
    <Filter Include="02. GameObject\Object\Player\Character\Miyabi\State\Move\Run">
      <UniqueIdentifier>{d4841ea4-4d18-48a2-a3e4-59f14bf25a74}</UniqueIdentifier>
    </Filter>
    <Filter Include="02. GameObject\Object\Enemy\Sacrifice_Hand\State\Idle">
      <UniqueIdentifier>{a674fc3d-8b1d-4da5-acd9-95c30ef10018}</UniqueIdentifier>
    </Filter>
    <Filter Include="02. GameObject\Object\Enemy\Sacrifice_Hand\State\Attack">
      <UniqueIdentifier>{b0a4c5a3-595b-4977-8989-5129a6639450}</UniqueIdentifier>
    </Filter>
    <Filter Include="02. GameObject\Object\Enemy\Sacrifice_Hand\State\Hit">
      <UniqueIdentifier>{9c64e158-5809-4bdf-b0bc-b248f585b1f3}</UniqueIdentifier>
    </Filter>
    <Filter Include="02. GameObject\Object\Enemy\Sacrifice_Hand\State\Attack\Phase1">
      <UniqueIdentifier>{3a046367-2f0c-4d32-ae9a-dcc6c15ecfa6}</UniqueIdentifier>
    </Filter>
    <Filter Include="02. GameObject\Object\Enemy\Sacrifice_Hand\State\Attack\Phase2">
      <UniqueIdentifier>{0a4065be-1850-4381-8712-3d645de8c2eb}</UniqueIdentifier>
    </Filter>
    <Filter Include="02. GameObject\Object\Enemy\ThugBulkyEnforcer">
      <UniqueIdentifier>{9ecf22bd-6ec3-4d22-b39a-bc4242f18996}</UniqueIdentifier>
    </Filter>
    <Filter Include="02. GameObject\UI\UIElement">
      <UniqueIdentifier>{e0279bdd-3ed8-410d-a3d2-fa068d857c77}</UniqueIdentifier>
    </Filter>
    <Filter Include="02. GameObject\UI\UIElement\CanvasPanel">
      <UniqueIdentifier>{a36103d8-1e1f-485e-9ca8-f6b8fd7515c4}</UniqueIdentifier>
    </Filter>
    <Filter Include="02. GameObject\UI\UIElement\Button">
      <UniqueIdentifier>{fdd7078b-475a-4b9d-bfac-435a6b1227a7}</UniqueIdentifier>
    </Filter>
    <Filter Include="02. GameObject\UI\UIElement\Gauge">
      <UniqueIdentifier>{440caa2a-4a52-4688-9cdd-214e76981c97}</UniqueIdentifier>
    </Filter>
    <Filter Include="02. GameObject\UI\UIElement\Image">
      <UniqueIdentifier>{37b87e55-63fb-4bdb-9840-3af2b355936c}</UniqueIdentifier>
    </Filter>
    <Filter Include="02. GameObject\UI\UIElement\SpriteAnimation">
      <UniqueIdentifier>{b53662a7-9d76-4c99-a002-586240dcd115}</UniqueIdentifier>
    </Filter>
    <Filter Include="02. GameObject\UI\UIElement\UVAnimation">
      <UniqueIdentifier>{590af0ed-d031-467b-917d-070b9874c21e}</UniqueIdentifier>
    </Filter>
    <Filter Include="02. GameObject\UI\UIElement\Text">
      <UniqueIdentifier>{056c2db3-e608-4c70-8c71-acf3a6fa7bbb}</UniqueIdentifier>
    </Filter>
    <Filter Include="02. GameObject\Object\Player\Character\Anbi">
      <UniqueIdentifier>{15fd906f-39ec-473b-adfa-7de7028bbd2e}</UniqueIdentifier>
    </Filter>
    <Filter Include="02. GameObject\Object\Player\Character\Anbi\State">
      <UniqueIdentifier>{dfac9681-7662-4fbe-9a33-6b8c0c1f4523}</UniqueIdentifier>
    </Filter>
    <Filter Include="02. GameObject\Object\Player\Character\Anbi\State\Idle">
      <UniqueIdentifier>{bbb3b02e-8215-4c3e-949e-477f2aebc93a}</UniqueIdentifier>
    </Filter>
    <Filter Include="02. GameObject\Object\Player\Character\Anbi\State\Move">
      <UniqueIdentifier>{dd07b2d6-97a0-4174-96bd-a393455c7ffe}</UniqueIdentifier>
    </Filter>
    <Filter Include="02. GameObject\Object\Player\Character\Anbi\State\Move\Run">
      <UniqueIdentifier>{9d80b005-b1ae-40ed-8a50-737a1e4773fd}</UniqueIdentifier>
    </Filter>
    <Filter Include="02. GameObject\Object\Player\Character\Anbi\State\Move\Walk">
      <UniqueIdentifier>{163eb66f-f792-4771-9edc-bc73c07c6a7f}</UniqueIdentifier>
    </Filter>
    <Filter Include="02. GameObject\Object\Player\Character\Anbi\State\Attack">
      <UniqueIdentifier>{f9d7254f-2a79-45a1-98d8-f09062b2b873}</UniqueIdentifier>
    </Filter>
    <Filter Include="02. GameObject\Object\Player\Character\Anbi\State\Attack\Normal">
      <UniqueIdentifier>{423c7918-5f74-4f2d-a48d-88523bd6c9fe}</UniqueIdentifier>
    </Filter>
    <Filter Include="02. GameObject\Object\Enemy\ThugBulkyEnforcer\State">
      <UniqueIdentifier>{64c2622e-0b47-49ba-bc7e-57b653fe58a2}</UniqueIdentifier>
    </Filter>
    <Filter Include="02. GameObject\Object\Enemy\ThugBulkyEnforcer\State\Move">
      <UniqueIdentifier>{0fb2fde1-7e61-4c17-ad5b-dafa2cef7fc6}</UniqueIdentifier>
    </Filter>
    <Filter Include="02. GameObject\Object\Enemy\ThugBulkyEnforcer\State\Idle">
      <UniqueIdentifier>{2d607a9a-fd47-4b46-94fc-9f05d30521e1}</UniqueIdentifier>
    </Filter>
    <Filter Include="02. GameObject\Object\Enemy\ThugBulkyEnforcer\State\Born">
      <UniqueIdentifier>{63ed3993-86eb-4107-8f07-e9924da6d1af}</UniqueIdentifier>
    </Filter>
    <Filter Include="02. GameObject\Object\Enemy\ThugBulkyEnforcer\State\Attack">
      <UniqueIdentifier>{88a8a2e8-e306-40ca-8395-0fc3b5fad5bd}</UniqueIdentifier>
    </Filter>
    <Filter Include="02. GameObject\Object\Player\Character\Corin">
      <UniqueIdentifier>{ee07f61e-61a1-42ab-bfcc-20cf8147b123}</UniqueIdentifier>
    </Filter>
    <Filter Include="02. GameObject\Object\Player\Character\Corin\State">
      <UniqueIdentifier>{21c81c17-9dfd-4c09-8d83-5fb14ae316d2}</UniqueIdentifier>
    </Filter>
    <Filter Include="02. GameObject\Object\Player\Character\Corin\State\Idle">
      <UniqueIdentifier>{7093ab03-2b34-47af-945d-34a78e349620}</UniqueIdentifier>
    </Filter>
    <Filter Include="02. GameObject\Object\Player\Character\Corin\State\Move">
      <UniqueIdentifier>{2b4d6055-a07d-4723-a793-dae75c760383}</UniqueIdentifier>
    </Filter>
    <Filter Include="02. GameObject\Object\Player\Character\Corin\State\Move\Walk">
      <UniqueIdentifier>{6066750f-d26d-4dcc-b9cb-95ff0891b101}</UniqueIdentifier>
    </Filter>
    <Filter Include="02. GameObject\Object\Player\Character\Corin\State\Move\Run">
      <UniqueIdentifier>{88626d5b-dbf8-4f03-8ef2-2f7cae50254a}</UniqueIdentifier>
    </Filter>
    <Filter Include="02. GameObject\Object\Player\Character\Corin\State\Attack">
      <UniqueIdentifier>{c267d6c9-393b-43c1-9ef4-beee8a23263e}</UniqueIdentifier>
    </Filter>
    <Filter Include="02. GameObject\Object\Player\Character\Corin\State\Attack\Normal">
      <UniqueIdentifier>{884362e5-20d7-4daa-9187-9c9149289f96}</UniqueIdentifier>
    </Filter>
    <Filter Include="02. GameObject\Object\TestPlane">
      <UniqueIdentifier>{1bb9fb41-6674-49a3-9da6-bd39a0ff8454}</UniqueIdentifier>
    </Filter>
    <Filter Include="02. GameObject\Object\Enemy\Sacrifice\State\Parry">
      <UniqueIdentifier>{b5d49ec4-f1e8-4445-9812-e3047fe53695}</UniqueIdentifier>
    </Filter>
    <Filter Include="02. GameObject\Object\Enemy\Sacrifice\State\Parry\Phase1">
      <UniqueIdentifier>{2a109206-ead3-44ef-b633-cd03e33507d9}</UniqueIdentifier>
    </Filter>
    <Filter Include="02. GameObject\Object\Enemy\Sacrifice\State\Parry\Phase2">
      <UniqueIdentifier>{3c8998bd-98ee-4cad-8976-9938d3c05a55}</UniqueIdentifier>
    </Filter>
    <Filter Include="02. GameObject\Object\Enemy\Sacrifice\State\Hit\Phase1">
      <UniqueIdentifier>{b50a1706-7716-416e-b556-536d12216321}</UniqueIdentifier>
    </Filter>
    <Filter Include="02. GameObject\Object\Enemy\Sacrifice\State\Hit\Phase2">
      <UniqueIdentifier>{3d74b083-6d12-4923-8093-4086952edfd9}</UniqueIdentifier>
    </Filter>
    <Filter Include="02. GameObject\Object\Enemy\Sacrifice\State\Death">
      <UniqueIdentifier>{d3e2ed07-89f7-4d84-ad7a-697fced4917b}</UniqueIdentifier>
    </Filter>
    <Filter Include="02. GameObject\Object\Enemy\Sacrifice\State\ChangePhase">
      <UniqueIdentifier>{dabff24d-6d9c-4cdd-94e8-db0017cbbf65}</UniqueIdentifier>
    </Filter>
    <Filter Include="02. GameObject\Object\Player\Character\Corin\State\Evade">
      <UniqueIdentifier>{d03f6fe2-9042-45dc-ab55-125859fa9c22}</UniqueIdentifier>
    </Filter>
    <Filter Include="02. GameObject\Object\Player\Character\Corin\State\Evade\Dash">
      <UniqueIdentifier>{c7ee365b-fe3f-4577-a882-c30dab07300f}</UniqueIdentifier>
    </Filter>
    <Filter Include="02. GameObject\Object\Player\Character\Corin\State\Evade\Backstep">
      <UniqueIdentifier>{cdf14c25-a07f-49d5-af1f-8d3e8f7862b1}</UniqueIdentifier>
    </Filter>
    <Filter Include="02. GameObject\Object\Player\Character\Corin\State\Attack\Rush">
      <UniqueIdentifier>{62b4d8c4-960f-4f1c-8937-3600f672702d}</UniqueIdentifier>
    </Filter>
    <Filter Include="01. Level\00. LogoLevel">
      <UniqueIdentifier>{a9a6f7a5-17f2-4dcf-924c-60e273e5003e}</UniqueIdentifier>
    </Filter>
    <Filter Include="02. GameObject\UI\UIElement\Mask">
      <UniqueIdentifier>{c6e5c432-29ad-4bd2-803f-1593e2c33281}</UniqueIdentifier>
    </Filter>
    <Filter Include="02. GameObject\UI\Logo">
      <UniqueIdentifier>{acdbf6b6-e528-43aa-8ff9-849bc24d3edb}</UniqueIdentifier>
    </Filter>
  </ItemGroup>
  <ItemGroup>
    <ClInclude Include="Client.h">
      <Filter>98. Default</Filter>
    </ClInclude>
    <ClInclude Include="framework.h">
      <Filter>98. Default</Filter>
    </ClInclude>
    <ClInclude Include="Resource.h">
      <Filter>98. Default</Filter>
    </ClInclude>
    <ClInclude Include="targetver.h">
      <Filter>98. Default</Filter>
    </ClInclude>
    <ClInclude Include="..\Public\pch.h">
      <Filter>99. Defines</Filter>
    </ClInclude>
    <ClInclude Include="..\Public\MainApp.h">
      <Filter>00. MainApp</Filter>
    </ClInclude>
    <ClInclude Include="..\..\EngineSDK\Inc\GUI_Inc\imgui.h">
      <Filter>97. GUI_Inc</Filter>
    </ClInclude>
    <ClInclude Include="..\..\EngineSDK\Inc\GUI_Inc\backends\imgui_impl_dx11.h">
      <Filter>97. GUI_Inc\backend</Filter>
    </ClInclude>
    <ClInclude Include="..\..\EngineSDK\Inc\GUI_Inc\backends\imgui_impl_win32.h">
      <Filter>97. GUI_Inc\backend</Filter>
    </ClInclude>
    <ClInclude Include="..\..\EngineSDK\Inc\GUI_Inc\ImGuizmo.h">
      <Filter>97. GUI_Inc\Guizmo</Filter>
    </ClInclude>
    <ClInclude Include="..\Public\TestLevel.h">
      <Filter>01. Level</Filter>
    </ClInclude>
    <ClInclude Include="..\Public\TestObject.h">
      <Filter>02. GameObject\Object\TestObject</Filter>
    </ClInclude>
    <ClInclude Include="..\Public\FreeCam.h">
      <Filter>02. GameObject\Camera\02. FreeCam</Filter>
    </ClInclude>
    <ClInclude Include="..\public\CamObject.h">
      <Filter>02. GameObject\Camera\00. CamObject</Filter>
    </ClInclude>
    <ClInclude Include="..\public\CamDirector.h">
      <Filter>02. GameObject\Camera\99. CamDirector</Filter>
    </ClInclude>
    <ClInclude Include="..\public\OrbitCam.h">
      <Filter>02. GameObject\Camera\04. OrbitCam</Filter>
    </ClInclude>
    <ClInclude Include="..\public\MapFloorObject.h">
      <Filter>02. GameObject\MapObject\01. MapFloorObject</Filter>
    </ClInclude>
    <ClInclude Include="..\public\MapObject.h">
      <Filter>02. GameObject\MapObject</Filter>
    </ClInclude>
    <ClInclude Include="..\public\MapPlacedObject.h">
      <Filter>02. GameObject\MapObject\00. MapPlacedObject</Filter>
    </ClInclude>
    <ClInclude Include="..\public\MapTriggerObject.h">
      <Filter>02. GameObject\MapObject\02. MapTriggerObject</Filter>
    </ClInclude>
    <ClInclude Include="..\public\MapLoader.h">
      <Filter>03. Utility\00. MapLoader</Filter>
    </ClInclude>
    <ClInclude Include="..\Public\Data_Struct.h">
      <Filter>99. Defines</Filter>
    </ClInclude>
    <ClInclude Include="..\Public\TestMap.h">
      <Filter>02. GameObject\Object\TestMap</Filter>
    </ClInclude>
    <ClInclude Include="..\Public\IBaseState.h">
      <Filter>03. Utility\01. HFSM</Filter>
    </ClInclude>
    <ClInclude Include="..\Public\StateParameter.h">
      <Filter>03. Utility\01. HFSM</Filter>
    </ClInclude>
    <ClInclude Include="..\Public\StateMachine.h">
      <Filter>03. Utility\01. HFSM</Filter>
    </ClInclude>
    <ClInclude Include="..\Public\TestFloor.h">
      <Filter>02. GameObject\Object\TestFloor</Filter>
    </ClInclude>
    <ClInclude Include="..\Public\MapData_Defines.h">
      <Filter>03. Utility\00. MapLoader</Filter>
    </ClInclude>
    <ClInclude Include="..\public\MapDataCloud.h">
      <Filter>03. Utility\00. MapLoader\MapDataCloud</Filter>
    </ClInclude>
    <ClInclude Include="..\Public\MapLoader_Helper.h">
      <Filter>03. Utility\00. MapLoader</Filter>
    </ClInclude>
    <ClInclude Include="..\Public\TestState_Idle.h">
      <Filter>02. GameObject\Object\TestObject\State\Idle</Filter>
    </ClInclude>
    <ClInclude Include="..\Public\TestState_Walk.h">
      <Filter>02. GameObject\Object\TestObject\State\Walk</Filter>
    </ClInclude>
    <ClInclude Include="..\Public\TestState_Jump.h">
      <Filter>02. GameObject\Object\TestObject\State\Jump</Filter>
    </ClInclude>
    <ClInclude Include="..\Public\TestState_Dash.h">
      <Filter>02. GameObject\Object\TestObject\State\Dash</Filter>
    </ClInclude>
    <ClInclude Include="..\Public\Character.h">
      <Filter>02. GameObject\Object\Player\Character</Filter>
    </ClInclude>
    <ClInclude Include="..\Public\IHState.h">
      <Filter>03. Utility\01. HFSM</Filter>
    </ClInclude>
    <ClInclude Include="..\Public\Miyabi.h">
      <Filter>02. GameObject\Object\Player\Character\Miyabi</Filter>
    </ClInclude>
    <ClInclude Include="..\Public\MiyabiState_Idle.h">
      <Filter>02. GameObject\Object\Player\Character\Miyabi\State\Idle</Filter>
    </ClInclude>
    <ClInclude Include="..\Public\MiyabiState_Walk.h">
      <Filter>02. GameObject\Object\Player\Character\Miyabi\State\Move\Walk</Filter>
    </ClInclude>
    <ClInclude Include="..\Public\MiyabiState_Attack.h">
      <Filter>02. GameObject\Object\Player\Character\Miyabi\State\Attack</Filter>
    </ClInclude>
    <ClInclude Include="..\Public\CanvasPanel.h">
      <Filter>02. GameObject\UI\UIElement\CanvasPanel</Filter>
    </ClInclude>
    <ClInclude Include="..\Public\SpriteAnimationUI.h">
      <Filter>02. GameObject\UI\UIElement\SpriteAnimation</Filter>
    </ClInclude>
    <ClInclude Include="..\Public\UVAnimationUI.h">
      <Filter>02. GameObject\UI\UIElement\UVAnimation</Filter>
    </ClInclude>
    <ClInclude Include="..\Public\ImageUI.h">
      <Filter>02. GameObject\UI\UIElement\Image</Filter>
    </ClInclude>
    <ClInclude Include="..\Public\GaugeUI.h">
      <Filter>02. GameObject\UI\UIElement\Gauge</Filter>
    </ClInclude>
    <ClInclude Include="..\Public\TextUI.h">
      <Filter>02. GameObject\UI\UIElement\Text</Filter>
    </ClInclude>
    <ClInclude Include="..\Public\ButtonUI.h">
      <Filter>02. GameObject\UI\UIElement\Button</Filter>
    </ClInclude>
    <ClInclude Include="..\public\CamPanel.h">
      <Filter>02. GameObject\Camera\01. CamPanel</Filter>
    </ClInclude>
    <ClInclude Include="..\Public\Enemy.h">
      <Filter>02. GameObject\Object\Enemy</Filter>
    </ClInclude>
    <ClInclude Include="..\Public\Sacrifice.h">
      <Filter>02. GameObject\Object\Enemy\Sacrifice</Filter>
    </ClInclude>
    <ClInclude Include="..\Public\SacrificeState_Idle.h">
      <Filter>02. GameObject\Object\Enemy\Sacrifice\State\Idle</Filter>
    </ClInclude>
    <ClInclude Include="..\Public\SacrificeState_Attack.h">
      <Filter>02. GameObject\Object\Enemy\Sacrifice\State\Attack</Filter>
    </ClInclude>
    <ClInclude Include="..\Public\SacrificeState_Born.h">
      <Filter>02. GameObject\Object\Enemy\Sacrifice\State\Born</Filter>
    </ClInclude>
    <ClInclude Include="..\Public\SacrificeState_Hit.h">
      <Filter>02. GameObject\Object\Enemy\Sacrifice\State\Hit</Filter>
    </ClInclude>
    <ClInclude Include="..\Public\SacrificeHand.h">
      <Filter>02. GameObject\Object\Enemy\Sacrifice_Hand</Filter>
    </ClInclude>
    <ClInclude Include="..\public\SequenceCam.h">
      <Filter>02. GameObject\Camera\03. SequenceCam</Filter>
    </ClInclude>
    <ClInclude Include="..\public\CamLoader.h">
      <Filter>03. Utility\02. CamLoader</Filter>
    </ClInclude>
    <ClInclude Include="..\public\DebugCamTrace.h">
      <Filter>02. GameObject\Camera\98. DebugCamTrace</Filter>
    </ClInclude>
    <ClInclude Include="..\Public\MiyabiState_ChargeAttack.h">
      <Filter>02. GameObject\Object\Player\Character\Miyabi\State\Attack\Charge</Filter>
    </ClInclude>
    <ClInclude Include="..\Public\MiyabiState_NormalAttack.h">
      <Filter>02. GameObject\Object\Player\Character\Miyabi\State\Attack\Normal</Filter>
    </ClInclude>
    <ClInclude Include="..\Public\SacrificeState_Attack_Phase1.h">
      <Filter>02. GameObject\Object\Enemy\Sacrifice\State\Attack\Phase1</Filter>
    </ClInclude>
    <ClInclude Include="..\Public\SacrificeState_Attack_Phase2.h">
      <Filter>02. GameObject\Object\Enemy\Sacrifice\State\Attack\Phase2</Filter>
    </ClInclude>
    <ClInclude Include="..\public\UIDirector.h">
      <Filter>02. GameObject\UI\00. UIDirector</Filter>
    </ClInclude>
    <ClInclude Include="..\public\UILoader.h">
      <Filter>03. Utility\03. UILoader</Filter>
    </ClInclude>
    <ClInclude Include="..\Public\MiyabiState_Move.h">
      <Filter>02. GameObject\Object\Player\Character\Miyabi\State\Move</Filter>
    </ClInclude>
    <ClInclude Include="..\Public\MiyabiState_Run.h">
      <Filter>02. GameObject\Object\Player\Character\Miyabi\State\Move\Run</Filter>
    </ClInclude>
    <ClInclude Include="..\Public\SacrificeState_Walk_Phase1.h">
      <Filter>02. GameObject\Object\Enemy\Sacrifice\State\Walk\Phase1</Filter>
    </ClInclude>
    <ClInclude Include="..\Public\SacrificeState_Evade.h">
      <Filter>02. GameObject\Object\Enemy\Sacrifice\State\Evade</Filter>
    </ClInclude>
    <ClInclude Include="..\Public\SacrificeState_Evade_Phase1.h">
      <Filter>02. GameObject\Object\Enemy\Sacrifice\State\Evade\Phase1</Filter>
    </ClInclude>
    <ClInclude Include="..\public\TestCloud.h">
      <Filter>02. GameObject\Object\TestCloud</Filter>
    </ClInclude>
    <ClInclude Include="..\Public\SacrificeState_Walk.h">
      <Filter>02. GameObject\Object\Enemy\Sacrifice\State\Walk</Filter>
    </ClInclude>
    <ClInclude Include="..\Public\SacrificeHandState_Idle.h">
      <Filter>02. GameObject\Object\Enemy\Sacrifice_Hand\State\Idle</Filter>
    </ClInclude>
    <ClInclude Include="..\Public\SacrificeHandState_Attack.h">
      <Filter>02. GameObject\Object\Enemy\Sacrifice_Hand\State\Attack</Filter>
    </ClInclude>
    <ClInclude Include="..\Public\SacrificeHandState_Hit.h">
      <Filter>02. GameObject\Object\Enemy\Sacrifice_Hand\State\Hit</Filter>
    </ClInclude>
    <ClInclude Include="..\Public\Event_Struct.h">
      <Filter>02. GameObject\UI</Filter>
    </ClInclude>
    <ClInclude Include="..\public\ThugBulkyEnforcer.h">
      <Filter>02. GameObject\Object\Enemy\ThugBulkyEnforcer</Filter>
    </ClInclude>
    <ClInclude Include="..\public\ThugBulkyEnforcer_Idle.h">
      <Filter>02. GameObject\Object\Enemy\ThugBulkyEnforcer\State\Idle</Filter>
    </ClInclude>
    <ClInclude Include="..\Public\Anbi.h">
      <Filter>02. GameObject\Object\Player\Character\Anbi</Filter>
    </ClInclude>
    <ClInclude Include="..\Public\AnbiState_Idle.h">
      <Filter>02. GameObject\Object\Player\Character\Anbi\State\Idle</Filter>
    </ClInclude>
    <ClInclude Include="..\Public\AnbiState_Move.h">
      <Filter>02. GameObject\Object\Player\Character\Anbi\State\Move</Filter>
    </ClInclude>
    <ClInclude Include="..\Public\AnbiState_Run.h">
      <Filter>02. GameObject\Object\Player\Character\Anbi\State\Move\Run</Filter>
    </ClInclude>
    <ClInclude Include="..\Public\AnbiState_Walk.h">
      <Filter>02. GameObject\Object\Player\Character\Anbi\State\Move\Walk</Filter>
    </ClInclude>
    <ClInclude Include="..\Public\AnbiState_Attack.h">
      <Filter>02. GameObject\Object\Player\Character\Anbi\State\Attack</Filter>
    </ClInclude>
    <ClInclude Include="..\Public\AnbiState_NormalAttack.h">
      <Filter>02. GameObject\Object\Player\Character\Anbi\State\Attack\Normal</Filter>
    </ClInclude>
    <ClInclude Include="..\public\ThugBulkyEnforcer_Attack.h">
      <Filter>02. GameObject\Object\Enemy\ThugBulkyEnforcer\State\Attack</Filter>
    </ClInclude>
    <ClInclude Include="..\public\ThugBulkyEnforcer_Born.h">
      <Filter>02. GameObject\Object\Enemy\ThugBulkyEnforcer\State\Born</Filter>
    </ClInclude>
    <ClInclude Include="..\public\ThugBulkyEnforcer_Move.h">
      <Filter>02. GameObject\Object\Enemy\ThugBulkyEnforcer\State\Move</Filter>
    </ClInclude>
    <ClInclude Include="..\Public\Corin.h">
      <Filter>02. GameObject\Object\Player\Character\Corin</Filter>
    </ClInclude>
    <ClInclude Include="..\Public\CorinState_Idle.h">
      <Filter>02. GameObject\Object\Player\Character\Corin\State\Idle</Filter>
    </ClInclude>
    <ClInclude Include="..\Public\CorinState_Move.h">
      <Filter>02. GameObject\Object\Player\Character\Corin\State\Move</Filter>
    </ClInclude>
    <ClInclude Include="..\Public\CorinState_Walk.h">
      <Filter>02. GameObject\Object\Player\Character\Corin\State\Move\Walk</Filter>
    </ClInclude>
    <ClInclude Include="..\Public\CorinState_Run.h">
      <Filter>02. GameObject\Object\Player\Character\Corin\State\Move\Run</Filter>
    </ClInclude>
    <ClInclude Include="..\Public\CorinState_Attack.h">
      <Filter>02. GameObject\Object\Player\Character\Corin\State\Attack</Filter>
    </ClInclude>
    <ClInclude Include="..\Public\CorinState_NormalAttack.h">
      <Filter>02. GameObject\Object\Player\Character\Corin\State\Attack\Normal</Filter>
    </ClInclude>
    <ClInclude Include="..\Public\Event_Struct.h">
      <Filter>99. Defines</Filter>
    </ClInclude>
    <ClInclude Include="..\public\TestPlane.h">
      <Filter>02. GameObject\Object\TestPlane</Filter>
    </ClInclude>
    <ClInclude Include="..\Public\SacrificeState_Parry.h">
      <Filter>02. GameObject\Object\Enemy\Sacrifice\State\Parry</Filter>
    </ClInclude>
    <ClInclude Include="..\Public\SacrificeState_Parry_Phase1.h">
      <Filter>02. GameObject\Object\Enemy\Sacrifice\State\Parry\Phase1</Filter>
    </ClInclude>
    <ClInclude Include="..\Public\SacrificeState_Parry_Phase2.h">
      <Filter>02. GameObject\Object\Enemy\Sacrifice\State\Parry\Phase2</Filter>
    </ClInclude>
    <ClInclude Include="..\Public\SacrificeState_Hit_Phase1.h">
      <Filter>02. GameObject\Object\Enemy\Sacrifice\State\Hit\Phase1</Filter>
    </ClInclude>
    <ClInclude Include="..\Public\SacrificeState_Hit_Phase2.h">
      <Filter>02. GameObject\Object\Enemy\Sacrifice\State\Hit\Phase2</Filter>
    </ClInclude>
    <ClInclude Include="..\Public\SacrificeState_Evade_Phase2.h">
      <Filter>02. GameObject\Object\Enemy\Sacrifice\State\Evade\Phase2</Filter>
    </ClInclude>
    <ClInclude Include="..\Public\SacrificeState_Death.h">
      <Filter>02. GameObject\Object\Enemy\Sacrifice\State\Death</Filter>
    </ClInclude>
    <ClInclude Include="..\Public\SacrificeState_Walk_Phase2.h">
      <Filter>02. GameObject\Object\Enemy\Sacrifice\State\Walk\Phase2</Filter>
    </ClInclude>
    <ClInclude Include="..\Public\SacrificeState_ChangePhase.h">
      <Filter>02. GameObject\Object\Enemy\Sacrifice\State\ChangePhase</Filter>
    </ClInclude>
    <ClInclude Include="..\Public\CorinState_Dash.h">
      <Filter>02. GameObject\Object\Player\Character\Corin\State\Evade\Dash</Filter>
    </ClInclude>
    <ClInclude Include="..\Public\CorinState_Evade.h">
      <Filter>02. GameObject\Object\Player\Character\Corin\State\Evade</Filter>
    </ClInclude>
    <ClInclude Include="..\Public\CorinState_Backstep.h">
      <Filter>02. GameObject\Object\Player\Character\Corin\State\Evade\Backstep</Filter>
    </ClInclude>
    <ClInclude Include="..\Public\CorinState_RushAttack.h">
      <Filter>02. GameObject\Object\Player\Character\Corin\State\Attack\Rush</Filter>
    </ClInclude>
    <ClInclude Include="..\Public\LogoLevel.h">
      <Filter>01. Level\00. LogoLevel</Filter>
    </ClInclude>
    <ClInclude Include="..\public\MaskUI.h">
      <Filter>02. GameObject\UI\UIElement\Mask</Filter>
    </ClInclude>
    <ClInclude Include="..\Public\Logo.h">
      <Filter>02. GameObject\UI\Logo</Filter>
    </ClInclude>
  </ItemGroup>
  <ItemGroup>
    <Image Include="Client.ico">
      <Filter>98. Default</Filter>
    </Image>
    <Image Include="small.ico">
      <Filter>98. Default</Filter>
    </Image>
  </ItemGroup>
  <ItemGroup>
    <ResourceCompile Include="Client.rc">
      <Filter>98. Default</Filter>
    </ResourceCompile>
  </ItemGroup>
  <ItemGroup>
    <ClCompile Include="Client.cpp">
      <Filter>98. Default</Filter>
    </ClCompile>
    <ClCompile Include="..\Private\pch.cpp">
      <Filter>99. Defines</Filter>
    </ClCompile>
    <ClCompile Include="..\Private\MainApp.cpp">
      <Filter>00. MainApp</Filter>
    </ClCompile>
    <ClCompile Include="..\..\EngineSDK\Inc\GUI_Inc\imgui.cpp">
      <Filter>97. GUI_Inc</Filter>
    </ClCompile>
    <ClCompile Include="..\..\EngineSDK\Inc\GUI_Inc\imgui_draw.cpp">
      <Filter>97. GUI_Inc</Filter>
    </ClCompile>
    <ClCompile Include="..\..\EngineSDK\Inc\GUI_Inc\imgui_tables.cpp">
      <Filter>97. GUI_Inc</Filter>
    </ClCompile>
    <ClCompile Include="..\..\EngineSDK\Inc\GUI_Inc\imgui_widgets.cpp">
      <Filter>97. GUI_Inc</Filter>
    </ClCompile>
    <ClCompile Include="..\..\EngineSDK\Inc\GUI_Inc\backends\imgui_impl_dx11.cpp">
      <Filter>97. GUI_Inc\backend</Filter>
    </ClCompile>
    <ClCompile Include="..\..\EngineSDK\Inc\GUI_Inc\backends\imgui_impl_win32.cpp">
      <Filter>97. GUI_Inc\backend</Filter>
    </ClCompile>
    <ClCompile Include="..\..\EngineSDK\Inc\GUI_Inc\ImGuizmo.cpp">
      <Filter>97. GUI_Inc\Guizmo</Filter>
    </ClCompile>
    <ClCompile Include="..\Private\TestLevel.cpp">
      <Filter>01. Level</Filter>
    </ClCompile>
    <ClCompile Include="..\Private\TestObject.cpp">
      <Filter>02. GameObject\Object\TestObject</Filter>
    </ClCompile>
    <ClCompile Include="..\Private\FreeCam.cpp">
      <Filter>02. GameObject\Camera\02. FreeCam</Filter>
    </ClCompile>
    <ClCompile Include="..\private\CamObject.cpp">
      <Filter>02. GameObject\Camera\00. CamObject</Filter>
    </ClCompile>
    <ClCompile Include="..\private\SequenceCam.cpp">
      <Filter>02. GameObject\Camera\03. SequenceCam</Filter>
    </ClCompile>
    <ClCompile Include="..\private\CamDirector.cpp">
      <Filter>02. GameObject\Camera\99. CamDirector</Filter>
    </ClCompile>
    <ClCompile Include="..\private\OrbitCam.cpp">
      <Filter>02. GameObject\Camera\04. OrbitCam</Filter>
    </ClCompile>
    <ClCompile Include="..\private\MapFloorObject.cpp">
      <Filter>02. GameObject\MapObject\01. MapFloorObject</Filter>
    </ClCompile>
    <ClCompile Include="..\private\MapObject.cpp">
      <Filter>02. GameObject\MapObject</Filter>
    </ClCompile>
    <ClCompile Include="..\private\MapPlacedObject.cpp">
      <Filter>02. GameObject\MapObject\00. MapPlacedObject</Filter>
    </ClCompile>
    <ClCompile Include="..\private\MapTriggerObject.cpp">
      <Filter>02. GameObject\MapObject\02. MapTriggerObject</Filter>
    </ClCompile>
    <ClCompile Include="..\private\MapLoader.cpp">
      <Filter>03. Utility\00. MapLoader</Filter>
    </ClCompile>
    <ClCompile Include="..\Private\TestMap.cpp">
      <Filter>02. GameObject\Object\TestMap</Filter>
    </ClCompile>
    <ClCompile Include="..\Private\StateParameter.cpp">
      <Filter>03. Utility\01. HFSM</Filter>
    </ClCompile>
    <ClCompile Include="..\Private\TestFloor.cpp">
      <Filter>02. GameObject\Object\TestFloor</Filter>
    </ClCompile>
    <ClCompile Include="..\private\MapDataCloud.cpp">
      <Filter>03. Utility\00. MapLoader\MapDataCloud</Filter>
    </ClCompile>
    <ClCompile Include="..\Private\TestState_Idle.cpp">
      <Filter>02. GameObject\Object\TestObject\State\Idle</Filter>
    </ClCompile>
    <ClCompile Include="..\Private\TestState_Walk.cpp">
      <Filter>02. GameObject\Object\TestObject\State\Walk</Filter>
    </ClCompile>
    <ClCompile Include="..\Private\TestState_Jump.cpp">
      <Filter>02. GameObject\Object\TestObject\State\Jump</Filter>
    </ClCompile>
    <ClCompile Include="..\Private\TestState_Dash.cpp">
      <Filter>02. GameObject\Object\TestObject\State\Dash</Filter>
    </ClCompile>
    <ClCompile Include="..\Private\Character.cpp">
      <Filter>02. GameObject\Object\Player\Character</Filter>
    </ClCompile>
    <ClCompile Include="..\Private\Miyabi.cpp">
      <Filter>02. GameObject\Object\Player\Character\Miyabi</Filter>
    </ClCompile>
    <ClCompile Include="..\Private\MiyabiState_Idle.cpp">
      <Filter>02. GameObject\Object\Player\Character\Miyabi\State\Idle</Filter>
    </ClCompile>
    <ClCompile Include="..\Private\MiyabiState_Walk.cpp">
      <Filter>02. GameObject\Object\Player\Character\Miyabi\State\Move\Walk</Filter>
    </ClCompile>
    <ClCompile Include="..\Private\MiyabiState_Attack.cpp">
      <Filter>02. GameObject\Object\Player\Character\Miyabi\State\Attack</Filter>
    </ClCompile>
    <ClCompile Include="..\Private\CanvasPanel.cpp">
      <Filter>02. GameObject\UI\UIElement\CanvasPanel</Filter>
    </ClCompile>
    <ClCompile Include="..\Private\SpriteAnimationUI.cpp">
      <Filter>02. GameObject\UI\UIElement\SpriteAnimation</Filter>
    </ClCompile>
    <ClCompile Include="..\Private\UVAnimationUI.cpp">
      <Filter>02. GameObject\UI\UIElement\UVAnimation</Filter>
    </ClCompile>
    <ClCompile Include="..\Private\ImageUI.cpp">
      <Filter>02. GameObject\UI\UIElement\Image</Filter>
    </ClCompile>
    <ClCompile Include="..\Private\GaugeUI.cpp">
      <Filter>02. GameObject\UI\UIElement\Gauge</Filter>
    </ClCompile>
    <ClCompile Include="..\Private\ButtonUI.cpp">
      <Filter>02. GameObject\UI\UIElement\Button</Filter>
    </ClCompile>
    <ClCompile Include="..\Private\TextUI.cpp">
      <Filter>02. GameObject\UI\UIElement\Text</Filter>
    </ClCompile>
    <ClCompile Include="..\private\CamPanel.cpp">
      <Filter>02. GameObject\Camera\01. CamPanel</Filter>
    </ClCompile>
    <ClCompile Include="..\Private\Enemy.cpp">
      <Filter>02. GameObject\Object\Enemy</Filter>
    </ClCompile>
    <ClCompile Include="..\Private\Sacrifice.cpp">
      <Filter>02. GameObject\Object\Enemy\Sacrifice</Filter>
    </ClCompile>
    <ClCompile Include="..\Private\SacrificeState_Idle.cpp">
      <Filter>02. GameObject\Object\Enemy\Sacrifice\State\Idle</Filter>
    </ClCompile>
    <ClCompile Include="..\Private\SacrificeState_Walk.cpp">
      <Filter>02. GameObject\Object\Enemy\Sacrifice\State\Walk</Filter>
    </ClCompile>
    <ClCompile Include="..\Private\SacrificeState_Born.cpp">
      <Filter>02. GameObject\Object\Enemy\Sacrifice\State\Born</Filter>
    </ClCompile>
    <ClCompile Include="..\Private\SacrificeState_Hit.cpp">
      <Filter>02. GameObject\Object\Enemy\Sacrifice\State\Hit</Filter>
    </ClCompile>
    <ClCompile Include="..\Private\SacrificeHand.cpp">
      <Filter>02. GameObject\Object\Enemy\Sacrifice_Hand</Filter>
    </ClCompile>
    <ClCompile Include="..\private\DebugCamTrace.cpp">
      <Filter>02. GameObject\Camera\98. DebugCamTrace</Filter>
    </ClCompile>
    <ClCompile Include="..\Private\MiyabiState_ChargeAttack.cpp">
      <Filter>02. GameObject\Object\Player\Character\Miyabi\State\Attack\Charge</Filter>
    </ClCompile>
    <ClCompile Include="..\Private\MiyabiState_NormalAttack.cpp">
      <Filter>02. GameObject\Object\Player\Character\Miyabi\State\Attack\Normal</Filter>
    </ClCompile>
    <ClCompile Include="..\Private\SacrificeState_Attack_Phase1.cpp">
      <Filter>02. GameObject\Object\Enemy\Sacrifice\State\Attack\Phase1</Filter>
    </ClCompile>
    <ClCompile Include="..\Private\SacrificeState_Attack_Phase2.cpp">
      <Filter>02. GameObject\Object\Enemy\Sacrifice\State\Attack\Phase2</Filter>
    </ClCompile>
    <ClCompile Include="..\private\UIDirector.cpp">
      <Filter>02. GameObject\UI\00. UIDirector</Filter>
    </ClCompile>
    <ClCompile Include="..\private\UILoader.cpp">
      <Filter>03. Utility\03. UILoader</Filter>
    </ClCompile>
    <ClCompile Include="..\Private\CamLoader.cpp">
      <Filter>03. Utility\02. CamLoader</Filter>
    </ClCompile>
    <ClCompile Include="..\Private\MiyabiState_Move.cpp">
      <Filter>02. GameObject\Object\Player\Character\Miyabi\State\Move</Filter>
    </ClCompile>
    <ClCompile Include="..\Private\MiyabiState_Run.cpp">
      <Filter>02. GameObject\Object\Player\Character\Miyabi\State\Move\Run</Filter>
    </ClCompile>
    <ClCompile Include="..\Private\SacrificeState_Walk_Phase1.cpp">
      <Filter>02. GameObject\Object\Enemy\Sacrifice\State\Walk\Phase1</Filter>
    </ClCompile>
    <ClCompile Include="..\Private\SacrificeState_Evade.cpp">
      <Filter>02. GameObject\Object\Enemy\Sacrifice\State\Evade</Filter>
    </ClCompile>
    <ClCompile Include="..\Private\SacrificeState_Evade_Phase1.cpp">
      <Filter>02. GameObject\Object\Enemy\Sacrifice\State\Evade\Phase1</Filter>
    </ClCompile>
    <ClCompile Include="..\private\TestCloud.cpp">
      <Filter>02. GameObject\Object\TestCloud</Filter>
    </ClCompile>
    <ClCompile Include="..\Private\SacrificeHandState_Idle.cpp">
      <Filter>02. GameObject\Object\Enemy\Sacrifice_Hand\State\Idle</Filter>
    </ClCompile>
    <ClCompile Include="..\Private\SacrificeHandState_Attack.cpp">
      <Filter>02. GameObject\Object\Enemy\Sacrifice_Hand\State\Attack</Filter>
    </ClCompile>
    <ClCompile Include="..\Private\SacrificeHandState_Hit.cpp">
      <Filter>02. GameObject\Object\Enemy\Sacrifice_Hand\State\Hit</Filter>
    </ClCompile>
    <ClCompile Include="..\private\ThugBulkyEnforcer.cpp">
      <Filter>02. GameObject\Object\Enemy\ThugBulkyEnforcer</Filter>
    </ClCompile>
    <ClCompile Include="..\private\ThugBulkyEnforcer_Idle.cpp">
      <Filter>02. GameObject\Object\Enemy\ThugBulkyEnforcer\State\Idle</Filter>
    </ClCompile>
    <ClCompile Include="..\Private\Anbi.cpp">
      <Filter>02. GameObject\Object\Player\Character\Anbi</Filter>
    </ClCompile>
    <ClCompile Include="..\Private\AnbiState_Idle.cpp">
      <Filter>02. GameObject\Object\Player\Character\Anbi\State\Idle</Filter>
    </ClCompile>
    <ClCompile Include="..\Private\AnbiState_Move.cpp">
      <Filter>02. GameObject\Object\Player\Character\Anbi\State\Move</Filter>
    </ClCompile>
    <ClCompile Include="..\Private\AnbiState_Run.cpp">
      <Filter>02. GameObject\Object\Player\Character\Anbi\State\Move\Run</Filter>
    </ClCompile>
    <ClCompile Include="..\Private\AnbiState_Walk.cpp">
      <Filter>02. GameObject\Object\Player\Character\Anbi\State\Move\Walk</Filter>
    </ClCompile>
    <ClCompile Include="..\Private\AnbiState_Attack.cpp">
      <Filter>02. GameObject\Object\Player\Character\Anbi\State\Attack</Filter>
    </ClCompile>
    <ClCompile Include="..\Private\AnbiState_NormalAttack.cpp">
      <Filter>02. GameObject\Object\Player\Character\Anbi\State\Attack\Normal</Filter>
    </ClCompile>
    <ClCompile Include="..\private\ThugBulkyEnforcer_Attack.cpp">
      <Filter>02. GameObject\Object\Enemy\ThugBulkyEnforcer\State\Attack</Filter>
    </ClCompile>
    <ClCompile Include="..\private\ThugBulkyEnforcer_Born.cpp">
      <Filter>02. GameObject\Object\Enemy\ThugBulkyEnforcer\State\Born</Filter>
    </ClCompile>
    <ClCompile Include="..\private\ThugBulkyEnforcer_Move.cpp">
      <Filter>02. GameObject\Object\Enemy\ThugBulkyEnforcer\State\Move</Filter>
    </ClCompile>
    <ClCompile Include="..\Private\SacrificeState_Attack.cpp">
      <Filter>02. GameObject\Object\Enemy\Sacrifice\State\Attack</Filter>
    </ClCompile>
    <ClCompile Include="..\Private\Corin.cpp">
      <Filter>02. GameObject\Object\Player\Character\Corin</Filter>
    </ClCompile>
    <ClCompile Include="..\Private\CorinState_Idle.cpp">
      <Filter>02. GameObject\Object\Player\Character\Corin\State\Idle</Filter>
    </ClCompile>
    <ClCompile Include="..\Private\CorinState_Move.cpp">
      <Filter>02. GameObject\Object\Player\Character\Corin\State\Move</Filter>
    </ClCompile>
    <ClCompile Include="..\Private\CorinState_Walk.cpp">
      <Filter>02. GameObject\Object\Player\Character\Corin\State\Move\Walk</Filter>
    </ClCompile>
    <ClCompile Include="..\Private\CorinState_Run.cpp">
      <Filter>02. GameObject\Object\Player\Character\Corin\State\Move\Run</Filter>
    </ClCompile>
    <ClCompile Include="..\Private\CorinState_Attack.cpp">
      <Filter>02. GameObject\Object\Player\Character\Corin\State\Attack</Filter>
    </ClCompile>
    <ClCompile Include="..\Private\CorinState_NormalAttack.cpp">
      <Filter>02. GameObject\Object\Player\Character\Corin\State\Attack\Normal</Filter>
    </ClCompile>
    <ClCompile Include="..\private\TestPlane.cpp">
      <Filter>02. GameObject\Object\TestPlane</Filter>
    </ClCompile>
    <ClCompile Include="..\Private\SacrificeState_Parry.cpp">
      <Filter>02. GameObject\Object\Enemy\Sacrifice\State\Parry</Filter>
    </ClCompile>
    <ClCompile Include="..\Private\SacrificeState_Parry_Phase1.cpp">
      <Filter>02. GameObject\Object\Enemy\Sacrifice\State\Parry\Phase1</Filter>
    </ClCompile>
    <ClCompile Include="..\Private\SacrificeState_Parry_Phase2.cpp">
      <Filter>02. GameObject\Object\Enemy\Sacrifice\State\Parry\Phase2</Filter>
    </ClCompile>
    <ClCompile Include="..\Private\SacrificeState_Hit_Phase1.cpp">
      <Filter>02. GameObject\Object\Enemy\Sacrifice\State\Hit\Phase1</Filter>
    </ClCompile>
    <ClCompile Include="..\Private\SacrificeState_Hit_Phase2.cpp">
      <Filter>02. GameObject\Object\Enemy\Sacrifice\State\Hit\Phase2</Filter>
    </ClCompile>
    <ClCompile Include="..\Private\SacrificeState_Evade_Phase2.cpp">
      <Filter>02. GameObject\Object\Enemy\Sacrifice\State\Evade\Phase2</Filter>
    </ClCompile>
    <ClCompile Include="..\Private\SacrificeState_Death.cpp">
      <Filter>02. GameObject\Object\Enemy\Sacrifice\State\Death</Filter>
    </ClCompile>
    <ClCompile Include="..\Private\SacrificeState_Walk_Phase2.cpp">
      <Filter>02. GameObject\Object\Enemy\Sacrifice\State\Walk\Phase2</Filter>
    </ClCompile>
    <ClCompile Include="..\Private\SacrificeState_ChangePhase.cpp">
      <Filter>02. GameObject\Object\Enemy\Sacrifice\State\ChangePhase</Filter>
    </ClCompile>
    <ClCompile Include="..\Private\CorinState_Dash.cpp">
      <Filter>02. GameObject\Object\Player\Character\Corin\State\Evade\Dash</Filter>
    </ClCompile>
    <ClCompile Include="..\Private\CorinState_Evade.cpp">
      <Filter>02. GameObject\Object\Player\Character\Corin\State\Evade</Filter>
    </ClCompile>
    <ClCompile Include="..\Private\CorinState_Backstep.cpp">
      <Filter>02. GameObject\Object\Player\Character\Corin\State\Evade\Backstep</Filter>
    </ClCompile>
    <ClCompile Include="..\Private\CorinState_RushAttack.cpp">
      <Filter>02. GameObject\Object\Player\Character\Corin\State\Attack\Rush</Filter>
    </ClCompile>
    <ClCompile Include="..\Private\LogoLevel.cpp">
      <Filter>01. Level\00. LogoLevel</Filter>
    </ClCompile>
    <ClCompile Include="..\private\MaskUI.cpp">
      <Filter>02. GameObject\UI\UIElement\Mask</Filter>
    </ClCompile>
    <ClCompile Include="..\Private\Logo.cpp">
      <Filter>02. GameObject\UI\Logo</Filter>
    </ClCompile>
  </ItemGroup>
</Project>