<?xml version="1.0" encoding="utf-8"?>
<Project ToolsVersion="4.0" xmlns="http://schemas.microsoft.com/developer/msbuild/2003">
  <ItemGroup>
    <Filter Include="00.MainApp">
      <UniqueIdentifier>{04bf09f0-b9c7-40a5-89c1-c6ee011535d3}</UniqueIdentifier>
    </Filter>
    <Filter Include="01.Level">
      <UniqueIdentifier>{a0f276e3-b2a6-479a-831a-2bf0c20f0789}</UniqueIdentifier>
    </Filter>
    <Filter Include="02.Object">
      <UniqueIdentifier>{abf3b0b0-f171-4ddb-bd31-f84ccbc7c6d3}</UniqueIdentifier>
    </Filter>
    <Filter Include="98.Default">
      <UniqueIdentifier>{bd998527-4b5b-404b-b094-2fe632a3439f}</UniqueIdentifier>
    </Filter>
    <Filter Include="99.Defines">
      <UniqueIdentifier>{0cb4d687-dd00-45ce-a1c6-7de330a9aaf9}</UniqueIdentifier>
    </Filter>
    <Filter Include="02.Object\Camera">
      <UniqueIdentifier>{aeb680f8-8682-4805-a947-55e9d93ee439}</UniqueIdentifier>
    </Filter>
    <Filter Include="02.Object\UI">
      <UniqueIdentifier>{c97a6584-1b36-42e7-a997-b80cdddb12ea}</UniqueIdentifier>
    </Filter>
    <Filter Include="02.Object\GUI">
      <UniqueIdentifier>{913be96d-9494-40fe-b9d7-9e1219925bef}</UniqueIdentifier>
    </Filter>
    <Filter Include="02.Object\GUI\IMGUI">
      <UniqueIdentifier>{de841462-128e-48aa-927e-a7c41bd6d76b}</UniqueIdentifier>
    </Filter>
    <Filter Include="02.Object\UI\CanvasPanel">
      <UniqueIdentifier>{41b794a8-2c02-4c2b-ae3e-92e09ea30532}</UniqueIdentifier>
    </Filter>
    <Filter Include="02.Object\UI\Image">
      <UniqueIdentifier>{75d01190-6cf5-4035-bcc2-857e29ba7c7d}</UniqueIdentifier>
    </Filter>
    <Filter Include="02.Object\UI\Text">
      <UniqueIdentifier>{6af4a99a-0ef3-4061-92d7-bc6bb1c5506f}</UniqueIdentifier>
    </Filter>
  </ItemGroup>
  <ItemGroup>
    <ClInclude Include="UITool.h">
      <Filter>98.Default</Filter>
    </ClInclude>
    <ClInclude Include="framework.h">
      <Filter>98.Default</Filter>
    </ClInclude>
    <ClInclude Include="Resource.h">
      <Filter>98.Default</Filter>
    </ClInclude>
    <ClInclude Include="targetver.h">
      <Filter>98.Default</Filter>
    </ClInclude>
    <ClInclude Include="..\Public\MainApp.h">
      <Filter>00.MainApp</Filter>
    </ClInclude>
    <ClInclude Include="..\Public\UITool_Defines.h">
      <Filter>99.Defines</Filter>
    </ClInclude>
    <ClInclude Include="..\Public\UITool_Level.h">
      <Filter>01.Level</Filter>
    </ClInclude>
    <ClInclude Include="..\Public\UITool_Camera.h">
      <Filter>02.Object\Camera</Filter>
    </ClInclude>
    <ClInclude Include="..\Public\TestUI.h">
      <Filter>02.Object\UI</Filter>
    </ClInclude>
    <ClInclude Include="..\Public\pch.h">
      <Filter>99.Defines</Filter>
    </ClInclude>
    <ClInclude Include="..\Public\GUIPanel.h">
      <Filter>02.Object\GUI</Filter>
    </ClInclude>
    <ClInclude Include="..\..\EngineSDK\Inc\GUI_Inc\imgui.h">
      <Filter>02.Object\GUI\IMGUI</Filter>
    </ClInclude>
    <ClInclude Include="..\..\EngineSDK\Inc\GUI_Inc\backends\imgui_impl_win32.h">
      <Filter>02.Object\GUI\IMGUI</Filter>
    </ClInclude>
    <ClInclude Include="..\..\EngineSDK\Inc\GUI_Inc\backends\imgui_impl_dx11.h">
      <Filter>02.Object\GUI\IMGUI</Filter>
    </ClInclude>
    <ClInclude Include="..\Public\CanvasPanel.h">
      <Filter>02.Object\UI\CanvasPanel</Filter>
    </ClInclude>
    <ClInclude Include="..\Public\ImageUI.h">
      <Filter>02.Object\UI\Image</Filter>
    </ClInclude>
    <ClInclude Include="..\Public\TextUI.h">
      <Filter>02.Object\UI\Text</Filter>
    </ClInclude>
  </ItemGroup>
  <ItemGroup>
    <ClCompile Include="UITool.cpp">
      <Filter>98.Default</Filter>
    </ClCompile>
    <ClCompile Include="..\Private\MainApp.cpp">
      <Filter>00.MainApp</Filter>
    </ClCompile>
    <ClCompile Include="..\Private\UITool_Level.cpp">
      <Filter>01.Level</Filter>
    </ClCompile>
    <ClCompile Include="..\Private\UITool_Camera.cpp">
      <Filter>02.Object\Camera</Filter>
    </ClCompile>
    <ClCompile Include="..\Private\TestUI.cpp">
      <Filter>02.Object\UI</Filter>
    </ClCompile>
    <ClCompile Include="..\Private\pch.cpp">
      <Filter>99.Defines</Filter>
    </ClCompile>
    <ClCompile Include="..\Private\GUIPanel.cpp">
      <Filter>02.Object\GUI</Filter>
    </ClCompile>
    <ClCompile Include="..\..\EngineSDK\Inc\GUI_Inc\imgui_draw.cpp">
      <Filter>02.Object\GUI\IMGUI</Filter>
    </ClCompile>
    <ClCompile Include="..\..\EngineSDK\Inc\GUI_Inc\imgui_tables.cpp">
      <Filter>02.Object\GUI\IMGUI</Filter>
    </ClCompile>
    <ClCompile Include="..\..\EngineSDK\Inc\GUI_Inc\imgui_widgets.cpp">
      <Filter>02.Object\GUI\IMGUI</Filter>
    </ClCompile>
    <ClCompile Include="..\..\EngineSDK\Inc\GUI_Inc\imgui.cpp">
      <Filter>02.Object\GUI\IMGUI</Filter>
    </ClCompile>
    <ClCompile Include="..\..\EngineSDK\Inc\GUI_Inc\backends\imgui_impl_win32.cpp">
      <Filter>02.Object\GUI\IMGUI</Filter>
    </ClCompile>
    <ClCompile Include="..\..\EngineSDK\Inc\GUI_Inc\backends\imgui_impl_dx11.cpp">
      <Filter>02.Object\GUI\IMGUI</Filter>
    </ClCompile>
    <ClCompile Include="..\Private\CanvasPanel.cpp">
      <Filter>02.Object\UI\CanvasPanel</Filter>
    </ClCompile>
    <ClCompile Include="..\Private\ImageUI.cpp">
      <Filter>02.Object\UI\Image</Filter>
    </ClCompile>
    <ClCompile Include="..\Private\TextUI.cpp">
      <Filter>02.Object\UI\Text</Filter>
    </ClCompile>
  </ItemGroup>
  <ItemGroup>
    <ResourceCompile Include="UITool.rc">
      <Filter>98.Default</Filter>
    </ResourceCompile>
  </ItemGroup>
</Project>